Microsoft Visual Studio Solution File, Format Version 12.00
# Visual Studio 14
VisualStudioVersion = 14.0.25420.1
MinimumVisualStudioVersion = 10.0.40219.1
Project("{FAE04EC0-301F-11D3-BF4B-00C04F79EFBC}") = "BDDMobile.Droid", "BDD_Mobile\BDD_Mobile.Droid\BDDMobile.Droid.csproj", "{D2883206-37A0-4E9F-9AA3-C40DDF42DCA5}"
EndProject
Project("{FAE04EC0-301F-11D3-BF4B-00C04F79EFBC}") = "BDDMobile.iOS", "BDD_Mobile\BDD_Mobile.iOS\BDDMobile.iOS.csproj", "{AA53D094-F926-47B8-9C4B-64A134BB43AB}"
EndProject
Project("{FAE04EC0-301F-11D3-BF4B-00C04F79EFBC}") = "BDDMobile.UWP", "BDD_Mobile\BDD_Mobile.UWP\BDDMobile.UWP.csproj", "{40EDF74C-6E62-4BA3-8383-F13C98FCCC48}"
EndProject
Project("{FAE04EC0-301F-11D3-BF4B-00C04F79EFBC}") = "BDDMobile", "BDD_Mobile\BDD_Mobile\BDDMobile.csproj", "{87C3C03C-10CD-4C5D-9740-0423C0CD4A5B}"
EndProject
Project("{2150E333-8FDC-42A3-9474-1A3956D46DE8}") = "Test", "Test", "{A002BEAC-D455-49BE-B827-819D8ADEF6D2}"
EndProject
Project("{2150E333-8FDC-42A3-9474-1A3956D46DE8}") = "Host", "Host", "{F711AA54-18F1-4FE9-BF08-F19E27D0E4E6}"
EndProject
Project("{2150E333-8FDC-42A3-9474-1A3956D46DE8}") = "Lib", "Lib", "{0A7341CF-A0D1-4AA6-90A1-CE69E964C2CA}"
EndProject
Project("{FAE04EC0-301F-11D3-BF4B-00C04F79EFBC}") = "BDDMobile.Data.Fake", "Lib\BDD_Mobile.Data.Fake\BDDMobile.Data.Fake.csproj", "{3C7B4836-912E-4B0E-A087-1E25B6674160}"
EndProject
Project("{FAE04EC0-301F-11D3-BF4B-00C04F79EFBC}") = "BDDMobile.Shared", "Lib\BDD_Mobile.Shared\BDDMobile.Shared.csproj", "{5139DE10-EA8A-408B-98C5-8AF7CC79A3C5}"
EndProject
Project("{FAE04EC0-301F-11D3-BF4B-00C04F79EFBC}") = "BDD_Mobile.Console.Test", "Test\BDD_Mobile.Console.Test\BDD_Mobile.Console.Test.csproj", "{B00B27BD-72D6-48A0-B2F2-924AF0129D2E}"
EndProject
Project("{2150E333-8FDC-42A3-9474-1A3956D46DE8}") = "Core", "Core", "{235B5E6B-843C-4FBC-8590-2656EB5A2F5A}"
EndProject
Project("{FAE04EC0-301F-11D3-BF4B-00C04F79EFBC}") = "Xamariners.Core.Mobile.UI.Test", "Core\Xamariners.Core.Mobile.UI.Test\Xamariners.Core.Mobile.UI.Test.csproj", "{B4BAA20E-28C4-409E-B6E1-D2CDA08A3848}"
EndProject
Project("{FAE04EC0-301F-11D3-BF4B-00C04F79EFBC}") = "Xamariners.Core.Test", "Core\Xamariners.Core.Test\Xamariners.Core.Test.csproj", "{0D7840C5-A044-4972-95CC-AEE7EFB5C149}"
EndProject
Project("{FAE04EC0-301F-11D3-BF4B-00C04F79EFBC}") = "BDDMobile.UI.Test", "Test\BDD_Mobile.UI.Test\BDDMobile.UI.Test.csproj", "{DC95CB59-4284-4619-979B-9F81C37765B6}"
EndProject
Project("{2150E333-8FDC-42A3-9474-1A3956D46DE8}") = "Ref", "Ref", "{5FA33CAB-12A3-4B16-8295-027CA649C8C6}"
EndProject
Project("{FAE04EC0-301F-11D3-BF4B-00C04F79EFBC}") = "Prism.Forms", "Ref\Prism\Source\Xamarin\Prism.Forms\Prism.Forms.csproj", "{67F9D3A8-F71E-4428-913F-C37AE82CDB24}"
EndProject
Project("{FAE04EC0-301F-11D3-BF4B-00C04F79EFBC}") = "Prism", "Ref\Prism\Source\Prism\Prism.csproj", "{E6C50355-D01E-4CAA-884D-D7929861315C}"
EndProject
Project("{FAE04EC0-301F-11D3-BF4B-00C04F79EFBC}") = "Prism.Unity.Forms", "Ref\Prism\Source\Xamarin\Prism.Unity.Forms\Prism.Unity.Forms.csproj", "{79EBB8F1-5D80-4EA1-9100-EBDC1EC51CB7}"
EndProject
Global
	GlobalSection(SolutionConfigurationPlatforms) = preSolution
		Ad-Hoc|Any CPU = Ad-Hoc|Any CPU
		Ad-Hoc|ARM = Ad-Hoc|ARM
		Ad-Hoc|iPhone = Ad-Hoc|iPhone
		Ad-Hoc|iPhoneSimulator = Ad-Hoc|iPhoneSimulator
		Ad-Hoc|x64 = Ad-Hoc|x64
		Ad-Hoc|x86 = Ad-Hoc|x86
		AppStore|Any CPU = AppStore|Any CPU
		AppStore|ARM = AppStore|ARM
		AppStore|iPhone = AppStore|iPhone
		AppStore|iPhoneSimulator = AppStore|iPhoneSimulator
		AppStore|x64 = AppStore|x64
		AppStore|x86 = AppStore|x86
		Debug|Any CPU = Debug|Any CPU
		Debug|ARM = Debug|ARM
		Debug|iPhone = Debug|iPhone
		Debug|iPhoneSimulator = Debug|iPhoneSimulator
		Debug|x64 = Debug|x64
		Debug|x86 = Debug|x86
		DebugServer|Any CPU = DebugServer|Any CPU
		DebugServer|ARM = DebugServer|ARM
		DebugServer|iPhone = DebugServer|iPhone
		DebugServer|iPhoneSimulator = DebugServer|iPhoneSimulator
		DebugServer|x64 = DebugServer|x64
		DebugServer|x86 = DebugServer|x86
		Release|Any CPU = Release|Any CPU
		Release|ARM = Release|ARM
		Release|iPhone = Release|iPhone
		Release|iPhoneSimulator = Release|iPhoneSimulator
		Release|x64 = Release|x64
		Release|x86 = Release|x86
		Test|Any CPU = Test|Any CPU
		Test|ARM = Test|ARM
		Test|iPhone = Test|iPhone
		Test|iPhoneSimulator = Test|iPhoneSimulator
		Test|x64 = Test|x64
		Test|x86 = Test|x86
	EndGlobalSection
	GlobalSection(ProjectConfigurationPlatforms) = postSolution
		{D2883206-37A0-4E9F-9AA3-C40DDF42DCA5}.Ad-Hoc|Any CPU.ActiveCfg = Release|Any CPU
		{D2883206-37A0-4E9F-9AA3-C40DDF42DCA5}.Ad-Hoc|Any CPU.Build.0 = Release|Any CPU
		{D2883206-37A0-4E9F-9AA3-C40DDF42DCA5}.Ad-Hoc|Any CPU.Deploy.0 = Release|Any CPU
		{D2883206-37A0-4E9F-9AA3-C40DDF42DCA5}.Ad-Hoc|ARM.ActiveCfg = Release|Any CPU
		{D2883206-37A0-4E9F-9AA3-C40DDF42DCA5}.Ad-Hoc|ARM.Build.0 = Release|Any CPU
		{D2883206-37A0-4E9F-9AA3-C40DDF42DCA5}.Ad-Hoc|ARM.Deploy.0 = Release|Any CPU
		{D2883206-37A0-4E9F-9AA3-C40DDF42DCA5}.Ad-Hoc|iPhone.ActiveCfg = Release|Any CPU
		{D2883206-37A0-4E9F-9AA3-C40DDF42DCA5}.Ad-Hoc|iPhone.Build.0 = Release|Any CPU
		{D2883206-37A0-4E9F-9AA3-C40DDF42DCA5}.Ad-Hoc|iPhone.Deploy.0 = Release|Any CPU
		{D2883206-37A0-4E9F-9AA3-C40DDF42DCA5}.Ad-Hoc|iPhoneSimulator.ActiveCfg = Release|Any CPU
		{D2883206-37A0-4E9F-9AA3-C40DDF42DCA5}.Ad-Hoc|iPhoneSimulator.Build.0 = Release|Any CPU
		{D2883206-37A0-4E9F-9AA3-C40DDF42DCA5}.Ad-Hoc|iPhoneSimulator.Deploy.0 = Release|Any CPU
		{D2883206-37A0-4E9F-9AA3-C40DDF42DCA5}.Ad-Hoc|x64.ActiveCfg = Release|Any CPU
		{D2883206-37A0-4E9F-9AA3-C40DDF42DCA5}.Ad-Hoc|x64.Build.0 = Release|Any CPU
		{D2883206-37A0-4E9F-9AA3-C40DDF42DCA5}.Ad-Hoc|x64.Deploy.0 = Release|Any CPU
		{D2883206-37A0-4E9F-9AA3-C40DDF42DCA5}.Ad-Hoc|x86.ActiveCfg = Release|Any CPU
		{D2883206-37A0-4E9F-9AA3-C40DDF42DCA5}.Ad-Hoc|x86.Build.0 = Release|Any CPU
		{D2883206-37A0-4E9F-9AA3-C40DDF42DCA5}.Ad-Hoc|x86.Deploy.0 = Release|Any CPU
		{D2883206-37A0-4E9F-9AA3-C40DDF42DCA5}.AppStore|Any CPU.ActiveCfg = Release|Any CPU
		{D2883206-37A0-4E9F-9AA3-C40DDF42DCA5}.AppStore|Any CPU.Build.0 = Release|Any CPU
		{D2883206-37A0-4E9F-9AA3-C40DDF42DCA5}.AppStore|Any CPU.Deploy.0 = Release|Any CPU
		{D2883206-37A0-4E9F-9AA3-C40DDF42DCA5}.AppStore|ARM.ActiveCfg = Release|Any CPU
		{D2883206-37A0-4E9F-9AA3-C40DDF42DCA5}.AppStore|ARM.Build.0 = Release|Any CPU
		{D2883206-37A0-4E9F-9AA3-C40DDF42DCA5}.AppStore|ARM.Deploy.0 = Release|Any CPU
		{D2883206-37A0-4E9F-9AA3-C40DDF42DCA5}.AppStore|iPhone.ActiveCfg = Release|Any CPU
		{D2883206-37A0-4E9F-9AA3-C40DDF42DCA5}.AppStore|iPhone.Build.0 = Release|Any CPU
		{D2883206-37A0-4E9F-9AA3-C40DDF42DCA5}.AppStore|iPhone.Deploy.0 = Release|Any CPU
		{D2883206-37A0-4E9F-9AA3-C40DDF42DCA5}.AppStore|iPhoneSimulator.ActiveCfg = Release|Any CPU
		{D2883206-37A0-4E9F-9AA3-C40DDF42DCA5}.AppStore|iPhoneSimulator.Build.0 = Release|Any CPU
		{D2883206-37A0-4E9F-9AA3-C40DDF42DCA5}.AppStore|iPhoneSimulator.Deploy.0 = Release|Any CPU
		{D2883206-37A0-4E9F-9AA3-C40DDF42DCA5}.AppStore|x64.ActiveCfg = Release|Any CPU
		{D2883206-37A0-4E9F-9AA3-C40DDF42DCA5}.AppStore|x64.Build.0 = Release|Any CPU
		{D2883206-37A0-4E9F-9AA3-C40DDF42DCA5}.AppStore|x64.Deploy.0 = Release|Any CPU
		{D2883206-37A0-4E9F-9AA3-C40DDF42DCA5}.AppStore|x86.ActiveCfg = Release|Any CPU
		{D2883206-37A0-4E9F-9AA3-C40DDF42DCA5}.AppStore|x86.Build.0 = Release|Any CPU
		{D2883206-37A0-4E9F-9AA3-C40DDF42DCA5}.AppStore|x86.Deploy.0 = Release|Any CPU
		{D2883206-37A0-4E9F-9AA3-C40DDF42DCA5}.Debug|Any CPU.ActiveCfg = Debug|Any CPU
		{D2883206-37A0-4E9F-9AA3-C40DDF42DCA5}.Debug|Any CPU.Build.0 = Debug|Any CPU
		{D2883206-37A0-4E9F-9AA3-C40DDF42DCA5}.Debug|Any CPU.Deploy.0 = Debug|Any CPU
		{D2883206-37A0-4E9F-9AA3-C40DDF42DCA5}.Debug|ARM.ActiveCfg = Debug|Any CPU
		{D2883206-37A0-4E9F-9AA3-C40DDF42DCA5}.Debug|ARM.Build.0 = Debug|Any CPU
		{D2883206-37A0-4E9F-9AA3-C40DDF42DCA5}.Debug|ARM.Deploy.0 = Debug|Any CPU
		{D2883206-37A0-4E9F-9AA3-C40DDF42DCA5}.Debug|iPhone.ActiveCfg = Debug|Any CPU
		{D2883206-37A0-4E9F-9AA3-C40DDF42DCA5}.Debug|iPhone.Build.0 = Debug|Any CPU
		{D2883206-37A0-4E9F-9AA3-C40DDF42DCA5}.Debug|iPhone.Deploy.0 = Debug|Any CPU
		{D2883206-37A0-4E9F-9AA3-C40DDF42DCA5}.Debug|iPhoneSimulator.ActiveCfg = Debug|Any CPU
		{D2883206-37A0-4E9F-9AA3-C40DDF42DCA5}.Debug|iPhoneSimulator.Build.0 = Debug|Any CPU
		{D2883206-37A0-4E9F-9AA3-C40DDF42DCA5}.Debug|iPhoneSimulator.Deploy.0 = Debug|Any CPU
		{D2883206-37A0-4E9F-9AA3-C40DDF42DCA5}.Debug|x64.ActiveCfg = Debug|Any CPU
		{D2883206-37A0-4E9F-9AA3-C40DDF42DCA5}.Debug|x64.Build.0 = Debug|Any CPU
		{D2883206-37A0-4E9F-9AA3-C40DDF42DCA5}.Debug|x64.Deploy.0 = Debug|Any CPU
		{D2883206-37A0-4E9F-9AA3-C40DDF42DCA5}.Debug|x86.ActiveCfg = Debug|Any CPU
		{D2883206-37A0-4E9F-9AA3-C40DDF42DCA5}.Debug|x86.Build.0 = Debug|Any CPU
		{D2883206-37A0-4E9F-9AA3-C40DDF42DCA5}.Debug|x86.Deploy.0 = Debug|Any CPU
		{D2883206-37A0-4E9F-9AA3-C40DDF42DCA5}.DebugServer|Any CPU.ActiveCfg = Debug|Any CPU
		{D2883206-37A0-4E9F-9AA3-C40DDF42DCA5}.DebugServer|Any CPU.Build.0 = Debug|Any CPU
		{D2883206-37A0-4E9F-9AA3-C40DDF42DCA5}.DebugServer|Any CPU.Deploy.0 = Debug|Any CPU
		{D2883206-37A0-4E9F-9AA3-C40DDF42DCA5}.DebugServer|ARM.ActiveCfg = Debug|Any CPU
		{D2883206-37A0-4E9F-9AA3-C40DDF42DCA5}.DebugServer|ARM.Build.0 = Debug|Any CPU
		{D2883206-37A0-4E9F-9AA3-C40DDF42DCA5}.DebugServer|ARM.Deploy.0 = Debug|Any CPU
		{D2883206-37A0-4E9F-9AA3-C40DDF42DCA5}.DebugServer|iPhone.ActiveCfg = Debug|Any CPU
		{D2883206-37A0-4E9F-9AA3-C40DDF42DCA5}.DebugServer|iPhone.Build.0 = Debug|Any CPU
		{D2883206-37A0-4E9F-9AA3-C40DDF42DCA5}.DebugServer|iPhone.Deploy.0 = Debug|Any CPU
		{D2883206-37A0-4E9F-9AA3-C40DDF42DCA5}.DebugServer|iPhoneSimulator.ActiveCfg = Debug|Any CPU
		{D2883206-37A0-4E9F-9AA3-C40DDF42DCA5}.DebugServer|iPhoneSimulator.Build.0 = Debug|Any CPU
		{D2883206-37A0-4E9F-9AA3-C40DDF42DCA5}.DebugServer|iPhoneSimulator.Deploy.0 = Debug|Any CPU
		{D2883206-37A0-4E9F-9AA3-C40DDF42DCA5}.DebugServer|x64.ActiveCfg = Debug|Any CPU
		{D2883206-37A0-4E9F-9AA3-C40DDF42DCA5}.DebugServer|x64.Build.0 = Debug|Any CPU
		{D2883206-37A0-4E9F-9AA3-C40DDF42DCA5}.DebugServer|x64.Deploy.0 = Debug|Any CPU
		{D2883206-37A0-4E9F-9AA3-C40DDF42DCA5}.DebugServer|x86.ActiveCfg = Debug|Any CPU
		{D2883206-37A0-4E9F-9AA3-C40DDF42DCA5}.DebugServer|x86.Build.0 = Debug|Any CPU
		{D2883206-37A0-4E9F-9AA3-C40DDF42DCA5}.DebugServer|x86.Deploy.0 = Debug|Any CPU
		{D2883206-37A0-4E9F-9AA3-C40DDF42DCA5}.Release|Any CPU.ActiveCfg = Release|Any CPU
		{D2883206-37A0-4E9F-9AA3-C40DDF42DCA5}.Release|Any CPU.Build.0 = Release|Any CPU
		{D2883206-37A0-4E9F-9AA3-C40DDF42DCA5}.Release|Any CPU.Deploy.0 = Release|Any CPU
		{D2883206-37A0-4E9F-9AA3-C40DDF42DCA5}.Release|ARM.ActiveCfg = Release|Any CPU
		{D2883206-37A0-4E9F-9AA3-C40DDF42DCA5}.Release|ARM.Build.0 = Release|Any CPU
		{D2883206-37A0-4E9F-9AA3-C40DDF42DCA5}.Release|ARM.Deploy.0 = Release|Any CPU
		{D2883206-37A0-4E9F-9AA3-C40DDF42DCA5}.Release|iPhone.ActiveCfg = Release|Any CPU
		{D2883206-37A0-4E9F-9AA3-C40DDF42DCA5}.Release|iPhone.Build.0 = Release|Any CPU
		{D2883206-37A0-4E9F-9AA3-C40DDF42DCA5}.Release|iPhone.Deploy.0 = Release|Any CPU
		{D2883206-37A0-4E9F-9AA3-C40DDF42DCA5}.Release|iPhoneSimulator.ActiveCfg = Release|Any CPU
		{D2883206-37A0-4E9F-9AA3-C40DDF42DCA5}.Release|iPhoneSimulator.Build.0 = Release|Any CPU
		{D2883206-37A0-4E9F-9AA3-C40DDF42DCA5}.Release|iPhoneSimulator.Deploy.0 = Release|Any CPU
		{D2883206-37A0-4E9F-9AA3-C40DDF42DCA5}.Release|x64.ActiveCfg = Release|Any CPU
		{D2883206-37A0-4E9F-9AA3-C40DDF42DCA5}.Release|x64.Build.0 = Release|Any CPU
		{D2883206-37A0-4E9F-9AA3-C40DDF42DCA5}.Release|x64.Deploy.0 = Release|Any CPU
		{D2883206-37A0-4E9F-9AA3-C40DDF42DCA5}.Release|x86.ActiveCfg = Release|Any CPU
		{D2883206-37A0-4E9F-9AA3-C40DDF42DCA5}.Release|x86.Build.0 = Release|Any CPU
		{D2883206-37A0-4E9F-9AA3-C40DDF42DCA5}.Release|x86.Deploy.0 = Release|Any CPU
		{D2883206-37A0-4E9F-9AA3-C40DDF42DCA5}.Test|Any CPU.ActiveCfg = Debug|Any CPU
		{D2883206-37A0-4E9F-9AA3-C40DDF42DCA5}.Test|Any CPU.Build.0 = Debug|Any CPU
		{D2883206-37A0-4E9F-9AA3-C40DDF42DCA5}.Test|Any CPU.Deploy.0 = Debug|Any CPU
		{D2883206-37A0-4E9F-9AA3-C40DDF42DCA5}.Test|ARM.ActiveCfg = Debug|Any CPU
		{D2883206-37A0-4E9F-9AA3-C40DDF42DCA5}.Test|ARM.Build.0 = Debug|Any CPU
		{D2883206-37A0-4E9F-9AA3-C40DDF42DCA5}.Test|ARM.Deploy.0 = Debug|Any CPU
		{D2883206-37A0-4E9F-9AA3-C40DDF42DCA5}.Test|iPhone.ActiveCfg = Debug|Any CPU
		{D2883206-37A0-4E9F-9AA3-C40DDF42DCA5}.Test|iPhone.Build.0 = Debug|Any CPU
		{D2883206-37A0-4E9F-9AA3-C40DDF42DCA5}.Test|iPhone.Deploy.0 = Debug|Any CPU
		{D2883206-37A0-4E9F-9AA3-C40DDF42DCA5}.Test|iPhoneSimulator.ActiveCfg = Debug|Any CPU
		{D2883206-37A0-4E9F-9AA3-C40DDF42DCA5}.Test|iPhoneSimulator.Build.0 = Debug|Any CPU
		{D2883206-37A0-4E9F-9AA3-C40DDF42DCA5}.Test|iPhoneSimulator.Deploy.0 = Debug|Any CPU
		{D2883206-37A0-4E9F-9AA3-C40DDF42DCA5}.Test|x64.ActiveCfg = Debug|Any CPU
		{D2883206-37A0-4E9F-9AA3-C40DDF42DCA5}.Test|x64.Build.0 = Debug|Any CPU
		{D2883206-37A0-4E9F-9AA3-C40DDF42DCA5}.Test|x64.Deploy.0 = Debug|Any CPU
		{D2883206-37A0-4E9F-9AA3-C40DDF42DCA5}.Test|x86.ActiveCfg = Debug|Any CPU
		{D2883206-37A0-4E9F-9AA3-C40DDF42DCA5}.Test|x86.Build.0 = Debug|Any CPU
		{D2883206-37A0-4E9F-9AA3-C40DDF42DCA5}.Test|x86.Deploy.0 = Debug|Any CPU
		{AA53D094-F926-47B8-9C4B-64A134BB43AB}.Ad-Hoc|Any CPU.ActiveCfg = Ad-Hoc|iPhone
		{AA53D094-F926-47B8-9C4B-64A134BB43AB}.Ad-Hoc|ARM.ActiveCfg = Ad-Hoc|iPhone
		{AA53D094-F926-47B8-9C4B-64A134BB43AB}.Ad-Hoc|iPhone.ActiveCfg = Ad-Hoc|iPhone
		{AA53D094-F926-47B8-9C4B-64A134BB43AB}.Ad-Hoc|iPhone.Build.0 = Ad-Hoc|iPhone
		{AA53D094-F926-47B8-9C4B-64A134BB43AB}.Ad-Hoc|iPhoneSimulator.ActiveCfg = Ad-Hoc|iPhoneSimulator
		{AA53D094-F926-47B8-9C4B-64A134BB43AB}.Ad-Hoc|iPhoneSimulator.Build.0 = Ad-Hoc|iPhoneSimulator
		{AA53D094-F926-47B8-9C4B-64A134BB43AB}.Ad-Hoc|x64.ActiveCfg = Ad-Hoc|iPhone
		{AA53D094-F926-47B8-9C4B-64A134BB43AB}.Ad-Hoc|x86.ActiveCfg = Ad-Hoc|iPhone
		{AA53D094-F926-47B8-9C4B-64A134BB43AB}.AppStore|Any CPU.ActiveCfg = AppStore|iPhone
		{AA53D094-F926-47B8-9C4B-64A134BB43AB}.AppStore|ARM.ActiveCfg = AppStore|iPhone
		{AA53D094-F926-47B8-9C4B-64A134BB43AB}.AppStore|iPhone.ActiveCfg = AppStore|iPhone
		{AA53D094-F926-47B8-9C4B-64A134BB43AB}.AppStore|iPhone.Build.0 = AppStore|iPhone
		{AA53D094-F926-47B8-9C4B-64A134BB43AB}.AppStore|iPhoneSimulator.ActiveCfg = AppStore|iPhoneSimulator
		{AA53D094-F926-47B8-9C4B-64A134BB43AB}.AppStore|iPhoneSimulator.Build.0 = AppStore|iPhoneSimulator
		{AA53D094-F926-47B8-9C4B-64A134BB43AB}.AppStore|x64.ActiveCfg = AppStore|iPhone
		{AA53D094-F926-47B8-9C4B-64A134BB43AB}.AppStore|x86.ActiveCfg = AppStore|iPhone
		{AA53D094-F926-47B8-9C4B-64A134BB43AB}.Debug|Any CPU.ActiveCfg = Debug|iPhone
		{AA53D094-F926-47B8-9C4B-64A134BB43AB}.Debug|ARM.ActiveCfg = Debug|iPhone
		{AA53D094-F926-47B8-9C4B-64A134BB43AB}.Debug|iPhone.ActiveCfg = Debug|iPhone
		{AA53D094-F926-47B8-9C4B-64A134BB43AB}.Debug|iPhone.Build.0 = Debug|iPhone
		{AA53D094-F926-47B8-9C4B-64A134BB43AB}.Debug|iPhoneSimulator.ActiveCfg = Debug|iPhoneSimulator
		{AA53D094-F926-47B8-9C4B-64A134BB43AB}.Debug|iPhoneSimulator.Build.0 = Debug|iPhoneSimulator
		{AA53D094-F926-47B8-9C4B-64A134BB43AB}.Debug|x64.ActiveCfg = Debug|iPhone
		{AA53D094-F926-47B8-9C4B-64A134BB43AB}.Debug|x86.ActiveCfg = Debug|iPhone
		{AA53D094-F926-47B8-9C4B-64A134BB43AB}.DebugServer|Any CPU.ActiveCfg = Release|iPhoneSimulator
		{AA53D094-F926-47B8-9C4B-64A134BB43AB}.DebugServer|Any CPU.Build.0 = Release|iPhoneSimulator
		{AA53D094-F926-47B8-9C4B-64A134BB43AB}.DebugServer|ARM.ActiveCfg = Release|iPhoneSimulator
		{AA53D094-F926-47B8-9C4B-64A134BB43AB}.DebugServer|ARM.Build.0 = Release|iPhoneSimulator
		{AA53D094-F926-47B8-9C4B-64A134BB43AB}.DebugServer|iPhone.ActiveCfg = Debug|iPhone
		{AA53D094-F926-47B8-9C4B-64A134BB43AB}.DebugServer|iPhone.Build.0 = Debug|iPhone
		{AA53D094-F926-47B8-9C4B-64A134BB43AB}.DebugServer|iPhoneSimulator.ActiveCfg = Debug|iPhoneSimulator
		{AA53D094-F926-47B8-9C4B-64A134BB43AB}.DebugServer|iPhoneSimulator.Build.0 = Debug|iPhoneSimulator
		{AA53D094-F926-47B8-9C4B-64A134BB43AB}.DebugServer|x64.ActiveCfg = Release|iPhoneSimulator
		{AA53D094-F926-47B8-9C4B-64A134BB43AB}.DebugServer|x64.Build.0 = Release|iPhoneSimulator
		{AA53D094-F926-47B8-9C4B-64A134BB43AB}.DebugServer|x86.ActiveCfg = Release|iPhoneSimulator
		{AA53D094-F926-47B8-9C4B-64A134BB43AB}.DebugServer|x86.Build.0 = Release|iPhoneSimulator
		{AA53D094-F926-47B8-9C4B-64A134BB43AB}.Release|Any CPU.ActiveCfg = Release|iPhone
		{AA53D094-F926-47B8-9C4B-64A134BB43AB}.Release|ARM.ActiveCfg = Release|iPhone
		{AA53D094-F926-47B8-9C4B-64A134BB43AB}.Release|iPhone.ActiveCfg = Release|iPhone
		{AA53D094-F926-47B8-9C4B-64A134BB43AB}.Release|iPhone.Build.0 = Release|iPhone
		{AA53D094-F926-47B8-9C4B-64A134BB43AB}.Release|iPhoneSimulator.ActiveCfg = Release|iPhoneSimulator
		{AA53D094-F926-47B8-9C4B-64A134BB43AB}.Release|iPhoneSimulator.Build.0 = Release|iPhoneSimulator
		{AA53D094-F926-47B8-9C4B-64A134BB43AB}.Release|x64.ActiveCfg = Release|iPhone
		{AA53D094-F926-47B8-9C4B-64A134BB43AB}.Release|x86.ActiveCfg = Release|iPhone
		{AA53D094-F926-47B8-9C4B-64A134BB43AB}.Test|Any CPU.ActiveCfg = Release|iPhone
		{AA53D094-F926-47B8-9C4B-64A134BB43AB}.Test|Any CPU.Build.0 = Release|iPhone
		{AA53D094-F926-47B8-9C4B-64A134BB43AB}.Test|ARM.ActiveCfg = Release|iPhone
		{AA53D094-F926-47B8-9C4B-64A134BB43AB}.Test|ARM.Build.0 = Release|iPhone
		{AA53D094-F926-47B8-9C4B-64A134BB43AB}.Test|iPhone.ActiveCfg = Release|iPhone
		{AA53D094-F926-47B8-9C4B-64A134BB43AB}.Test|iPhone.Build.0 = Release|iPhone
		{AA53D094-F926-47B8-9C4B-64A134BB43AB}.Test|iPhoneSimulator.ActiveCfg = Release|iPhoneSimulator
		{AA53D094-F926-47B8-9C4B-64A134BB43AB}.Test|iPhoneSimulator.Build.0 = Release|iPhoneSimulator
		{AA53D094-F926-47B8-9C4B-64A134BB43AB}.Test|x64.ActiveCfg = Release|iPhone
		{AA53D094-F926-47B8-9C4B-64A134BB43AB}.Test|x64.Build.0 = Release|iPhone
		{AA53D094-F926-47B8-9C4B-64A134BB43AB}.Test|x86.ActiveCfg = Release|iPhone
		{AA53D094-F926-47B8-9C4B-64A134BB43AB}.Test|x86.Build.0 = Release|iPhone
		{40EDF74C-6E62-4BA3-8383-F13C98FCCC48}.Ad-Hoc|Any CPU.ActiveCfg = Release|x86
		{40EDF74C-6E62-4BA3-8383-F13C98FCCC48}.Ad-Hoc|Any CPU.Build.0 = Release|x86
		{40EDF74C-6E62-4BA3-8383-F13C98FCCC48}.Ad-Hoc|Any CPU.Deploy.0 = Release|x86
		{40EDF74C-6E62-4BA3-8383-F13C98FCCC48}.Ad-Hoc|ARM.ActiveCfg = Release|ARM
		{40EDF74C-6E62-4BA3-8383-F13C98FCCC48}.Ad-Hoc|ARM.Build.0 = Release|ARM
		{40EDF74C-6E62-4BA3-8383-F13C98FCCC48}.Ad-Hoc|ARM.Deploy.0 = Release|ARM
		{40EDF74C-6E62-4BA3-8383-F13C98FCCC48}.Ad-Hoc|iPhone.ActiveCfg = Release|x86
		{40EDF74C-6E62-4BA3-8383-F13C98FCCC48}.Ad-Hoc|iPhone.Build.0 = Release|x86
		{40EDF74C-6E62-4BA3-8383-F13C98FCCC48}.Ad-Hoc|iPhone.Deploy.0 = Release|x86
		{40EDF74C-6E62-4BA3-8383-F13C98FCCC48}.Ad-Hoc|iPhoneSimulator.ActiveCfg = Release|x86
		{40EDF74C-6E62-4BA3-8383-F13C98FCCC48}.Ad-Hoc|iPhoneSimulator.Build.0 = Release|x86
		{40EDF74C-6E62-4BA3-8383-F13C98FCCC48}.Ad-Hoc|iPhoneSimulator.Deploy.0 = Release|x86
		{40EDF74C-6E62-4BA3-8383-F13C98FCCC48}.Ad-Hoc|x64.ActiveCfg = Release|x64
		{40EDF74C-6E62-4BA3-8383-F13C98FCCC48}.Ad-Hoc|x64.Build.0 = Release|x64
		{40EDF74C-6E62-4BA3-8383-F13C98FCCC48}.Ad-Hoc|x64.Deploy.0 = Release|x64
		{40EDF74C-6E62-4BA3-8383-F13C98FCCC48}.Ad-Hoc|x86.ActiveCfg = Release|x86
		{40EDF74C-6E62-4BA3-8383-F13C98FCCC48}.Ad-Hoc|x86.Build.0 = Release|x86
		{40EDF74C-6E62-4BA3-8383-F13C98FCCC48}.Ad-Hoc|x86.Deploy.0 = Release|x86
		{40EDF74C-6E62-4BA3-8383-F13C98FCCC48}.AppStore|Any CPU.ActiveCfg = Release|x86
		{40EDF74C-6E62-4BA3-8383-F13C98FCCC48}.AppStore|Any CPU.Build.0 = Release|x86
		{40EDF74C-6E62-4BA3-8383-F13C98FCCC48}.AppStore|Any CPU.Deploy.0 = Release|x86
		{40EDF74C-6E62-4BA3-8383-F13C98FCCC48}.AppStore|ARM.ActiveCfg = Release|ARM
		{40EDF74C-6E62-4BA3-8383-F13C98FCCC48}.AppStore|ARM.Build.0 = Release|ARM
		{40EDF74C-6E62-4BA3-8383-F13C98FCCC48}.AppStore|ARM.Deploy.0 = Release|ARM
		{40EDF74C-6E62-4BA3-8383-F13C98FCCC48}.AppStore|iPhone.ActiveCfg = Release|x86
		{40EDF74C-6E62-4BA3-8383-F13C98FCCC48}.AppStore|iPhone.Build.0 = Release|x86
		{40EDF74C-6E62-4BA3-8383-F13C98FCCC48}.AppStore|iPhone.Deploy.0 = Release|x86
		{40EDF74C-6E62-4BA3-8383-F13C98FCCC48}.AppStore|iPhoneSimulator.ActiveCfg = Release|x86
		{40EDF74C-6E62-4BA3-8383-F13C98FCCC48}.AppStore|iPhoneSimulator.Build.0 = Release|x86
		{40EDF74C-6E62-4BA3-8383-F13C98FCCC48}.AppStore|iPhoneSimulator.Deploy.0 = Release|x86
		{40EDF74C-6E62-4BA3-8383-F13C98FCCC48}.AppStore|x64.ActiveCfg = Release|x64
		{40EDF74C-6E62-4BA3-8383-F13C98FCCC48}.AppStore|x64.Build.0 = Release|x64
		{40EDF74C-6E62-4BA3-8383-F13C98FCCC48}.AppStore|x64.Deploy.0 = Release|x64
		{40EDF74C-6E62-4BA3-8383-F13C98FCCC48}.AppStore|x86.ActiveCfg = Release|x86
		{40EDF74C-6E62-4BA3-8383-F13C98FCCC48}.AppStore|x86.Build.0 = Release|x86
		{40EDF74C-6E62-4BA3-8383-F13C98FCCC48}.AppStore|x86.Deploy.0 = Release|x86
		{40EDF74C-6E62-4BA3-8383-F13C98FCCC48}.Debug|Any CPU.ActiveCfg = Debug|x86
		{40EDF74C-6E62-4BA3-8383-F13C98FCCC48}.Debug|Any CPU.Build.0 = Debug|x86
		{40EDF74C-6E62-4BA3-8383-F13C98FCCC48}.Debug|Any CPU.Deploy.0 = Debug|x86
		{40EDF74C-6E62-4BA3-8383-F13C98FCCC48}.Debug|ARM.ActiveCfg = Debug|ARM
		{40EDF74C-6E62-4BA3-8383-F13C98FCCC48}.Debug|ARM.Build.0 = Debug|ARM
		{40EDF74C-6E62-4BA3-8383-F13C98FCCC48}.Debug|ARM.Deploy.0 = Debug|ARM
		{40EDF74C-6E62-4BA3-8383-F13C98FCCC48}.Debug|iPhone.ActiveCfg = Debug|x86
		{40EDF74C-6E62-4BA3-8383-F13C98FCCC48}.Debug|iPhoneSimulator.ActiveCfg = Debug|x86
		{40EDF74C-6E62-4BA3-8383-F13C98FCCC48}.Debug|iPhoneSimulator.Build.0 = Debug|x86
		{40EDF74C-6E62-4BA3-8383-F13C98FCCC48}.Debug|iPhoneSimulator.Deploy.0 = Debug|x86
		{40EDF74C-6E62-4BA3-8383-F13C98FCCC48}.Debug|x64.ActiveCfg = Debug|x64
		{40EDF74C-6E62-4BA3-8383-F13C98FCCC48}.Debug|x64.Build.0 = Debug|x64
		{40EDF74C-6E62-4BA3-8383-F13C98FCCC48}.Debug|x64.Deploy.0 = Debug|x64
		{40EDF74C-6E62-4BA3-8383-F13C98FCCC48}.Debug|x86.ActiveCfg = Debug|x86
		{40EDF74C-6E62-4BA3-8383-F13C98FCCC48}.Debug|x86.Build.0 = Debug|x86
		{40EDF74C-6E62-4BA3-8383-F13C98FCCC48}.Debug|x86.Deploy.0 = Debug|x86
		{40EDF74C-6E62-4BA3-8383-F13C98FCCC48}.DebugServer|Any CPU.ActiveCfg = Debug|x64
		{40EDF74C-6E62-4BA3-8383-F13C98FCCC48}.DebugServer|Any CPU.Build.0 = Debug|x64
		{40EDF74C-6E62-4BA3-8383-F13C98FCCC48}.DebugServer|Any CPU.Deploy.0 = Debug|x64
		{40EDF74C-6E62-4BA3-8383-F13C98FCCC48}.DebugServer|ARM.ActiveCfg = Debug|ARM
		{40EDF74C-6E62-4BA3-8383-F13C98FCCC48}.DebugServer|ARM.Build.0 = Debug|ARM
		{40EDF74C-6E62-4BA3-8383-F13C98FCCC48}.DebugServer|ARM.Deploy.0 = Debug|ARM
		{40EDF74C-6E62-4BA3-8383-F13C98FCCC48}.DebugServer|iPhone.ActiveCfg = Debug|x64
		{40EDF74C-6E62-4BA3-8383-F13C98FCCC48}.DebugServer|iPhone.Build.0 = Debug|x64
		{40EDF74C-6E62-4BA3-8383-F13C98FCCC48}.DebugServer|iPhone.Deploy.0 = Debug|x64
		{40EDF74C-6E62-4BA3-8383-F13C98FCCC48}.DebugServer|iPhoneSimulator.ActiveCfg = Debug|x64
		{40EDF74C-6E62-4BA3-8383-F13C98FCCC48}.DebugServer|iPhoneSimulator.Build.0 = Debug|x64
		{40EDF74C-6E62-4BA3-8383-F13C98FCCC48}.DebugServer|iPhoneSimulator.Deploy.0 = Debug|x64
		{40EDF74C-6E62-4BA3-8383-F13C98FCCC48}.DebugServer|x64.ActiveCfg = Debug|x64
		{40EDF74C-6E62-4BA3-8383-F13C98FCCC48}.DebugServer|x64.Build.0 = Debug|x64
		{40EDF74C-6E62-4BA3-8383-F13C98FCCC48}.DebugServer|x64.Deploy.0 = Debug|x64
		{40EDF74C-6E62-4BA3-8383-F13C98FCCC48}.DebugServer|x86.ActiveCfg = Debug|x86
		{40EDF74C-6E62-4BA3-8383-F13C98FCCC48}.DebugServer|x86.Build.0 = Debug|x86
		{40EDF74C-6E62-4BA3-8383-F13C98FCCC48}.DebugServer|x86.Deploy.0 = Debug|x86
		{40EDF74C-6E62-4BA3-8383-F13C98FCCC48}.Release|Any CPU.ActiveCfg = Release|x86
		{40EDF74C-6E62-4BA3-8383-F13C98FCCC48}.Release|ARM.ActiveCfg = Release|ARM
		{40EDF74C-6E62-4BA3-8383-F13C98FCCC48}.Release|ARM.Build.0 = Release|ARM
		{40EDF74C-6E62-4BA3-8383-F13C98FCCC48}.Release|ARM.Deploy.0 = Release|ARM
		{40EDF74C-6E62-4BA3-8383-F13C98FCCC48}.Release|iPhone.ActiveCfg = Release|x86
		{40EDF74C-6E62-4BA3-8383-F13C98FCCC48}.Release|iPhoneSimulator.ActiveCfg = Release|x86
		{40EDF74C-6E62-4BA3-8383-F13C98FCCC48}.Release|x64.ActiveCfg = Release|x64
		{40EDF74C-6E62-4BA3-8383-F13C98FCCC48}.Release|x64.Build.0 = Release|x64
		{40EDF74C-6E62-4BA3-8383-F13C98FCCC48}.Release|x64.Deploy.0 = Release|x64
		{40EDF74C-6E62-4BA3-8383-F13C98FCCC48}.Release|x86.ActiveCfg = Release|x86
		{40EDF74C-6E62-4BA3-8383-F13C98FCCC48}.Release|x86.Build.0 = Release|x86
		{40EDF74C-6E62-4BA3-8383-F13C98FCCC48}.Release|x86.Deploy.0 = Release|x86
		{40EDF74C-6E62-4BA3-8383-F13C98FCCC48}.Test|Any CPU.ActiveCfg = Debug|x64
		{40EDF74C-6E62-4BA3-8383-F13C98FCCC48}.Test|Any CPU.Build.0 = Debug|x64
		{40EDF74C-6E62-4BA3-8383-F13C98FCCC48}.Test|Any CPU.Deploy.0 = Debug|x64
		{40EDF74C-6E62-4BA3-8383-F13C98FCCC48}.Test|ARM.ActiveCfg = Debug|ARM
		{40EDF74C-6E62-4BA3-8383-F13C98FCCC48}.Test|ARM.Build.0 = Debug|ARM
		{40EDF74C-6E62-4BA3-8383-F13C98FCCC48}.Test|ARM.Deploy.0 = Debug|ARM
		{40EDF74C-6E62-4BA3-8383-F13C98FCCC48}.Test|iPhone.ActiveCfg = Debug|x64
		{40EDF74C-6E62-4BA3-8383-F13C98FCCC48}.Test|iPhone.Build.0 = Debug|x64
		{40EDF74C-6E62-4BA3-8383-F13C98FCCC48}.Test|iPhone.Deploy.0 = Debug|x64
		{40EDF74C-6E62-4BA3-8383-F13C98FCCC48}.Test|iPhoneSimulator.ActiveCfg = Debug|x64
		{40EDF74C-6E62-4BA3-8383-F13C98FCCC48}.Test|iPhoneSimulator.Build.0 = Debug|x64
		{40EDF74C-6E62-4BA3-8383-F13C98FCCC48}.Test|iPhoneSimulator.Deploy.0 = Debug|x64
		{40EDF74C-6E62-4BA3-8383-F13C98FCCC48}.Test|x64.ActiveCfg = Debug|x64
		{40EDF74C-6E62-4BA3-8383-F13C98FCCC48}.Test|x64.Build.0 = Debug|x64
		{40EDF74C-6E62-4BA3-8383-F13C98FCCC48}.Test|x64.Deploy.0 = Debug|x64
		{40EDF74C-6E62-4BA3-8383-F13C98FCCC48}.Test|x86.ActiveCfg = Debug|x86
		{40EDF74C-6E62-4BA3-8383-F13C98FCCC48}.Test|x86.Build.0 = Debug|x86
		{40EDF74C-6E62-4BA3-8383-F13C98FCCC48}.Test|x86.Deploy.0 = Debug|x86
		{87C3C03C-10CD-4C5D-9740-0423C0CD4A5B}.Ad-Hoc|Any CPU.ActiveCfg = Release|Any CPU
		{87C3C03C-10CD-4C5D-9740-0423C0CD4A5B}.Ad-Hoc|Any CPU.Build.0 = Release|Any CPU
		{87C3C03C-10CD-4C5D-9740-0423C0CD4A5B}.Ad-Hoc|ARM.ActiveCfg = Release|Any CPU
		{87C3C03C-10CD-4C5D-9740-0423C0CD4A5B}.Ad-Hoc|ARM.Build.0 = Release|Any CPU
		{87C3C03C-10CD-4C5D-9740-0423C0CD4A5B}.Ad-Hoc|iPhone.ActiveCfg = Release|Any CPU
		{87C3C03C-10CD-4C5D-9740-0423C0CD4A5B}.Ad-Hoc|iPhone.Build.0 = Release|Any CPU
		{87C3C03C-10CD-4C5D-9740-0423C0CD4A5B}.Ad-Hoc|iPhoneSimulator.ActiveCfg = Release|Any CPU
		{87C3C03C-10CD-4C5D-9740-0423C0CD4A5B}.Ad-Hoc|iPhoneSimulator.Build.0 = Release|Any CPU
		{87C3C03C-10CD-4C5D-9740-0423C0CD4A5B}.Ad-Hoc|x64.ActiveCfg = Release|Any CPU
		{87C3C03C-10CD-4C5D-9740-0423C0CD4A5B}.Ad-Hoc|x64.Build.0 = Release|Any CPU
		{87C3C03C-10CD-4C5D-9740-0423C0CD4A5B}.Ad-Hoc|x86.ActiveCfg = Release|Any CPU
		{87C3C03C-10CD-4C5D-9740-0423C0CD4A5B}.Ad-Hoc|x86.Build.0 = Release|Any CPU
		{87C3C03C-10CD-4C5D-9740-0423C0CD4A5B}.AppStore|Any CPU.ActiveCfg = Release|Any CPU
		{87C3C03C-10CD-4C5D-9740-0423C0CD4A5B}.AppStore|Any CPU.Build.0 = Release|Any CPU
		{87C3C03C-10CD-4C5D-9740-0423C0CD4A5B}.AppStore|ARM.ActiveCfg = Release|Any CPU
		{87C3C03C-10CD-4C5D-9740-0423C0CD4A5B}.AppStore|ARM.Build.0 = Release|Any CPU
		{87C3C03C-10CD-4C5D-9740-0423C0CD4A5B}.AppStore|iPhone.ActiveCfg = Release|Any CPU
		{87C3C03C-10CD-4C5D-9740-0423C0CD4A5B}.AppStore|iPhone.Build.0 = Release|Any CPU
		{87C3C03C-10CD-4C5D-9740-0423C0CD4A5B}.AppStore|iPhoneSimulator.ActiveCfg = Release|Any CPU
		{87C3C03C-10CD-4C5D-9740-0423C0CD4A5B}.AppStore|iPhoneSimulator.Build.0 = Release|Any CPU
		{87C3C03C-10CD-4C5D-9740-0423C0CD4A5B}.AppStore|x64.ActiveCfg = Release|Any CPU
		{87C3C03C-10CD-4C5D-9740-0423C0CD4A5B}.AppStore|x64.Build.0 = Release|Any CPU
		{87C3C03C-10CD-4C5D-9740-0423C0CD4A5B}.AppStore|x86.ActiveCfg = Release|Any CPU
		{87C3C03C-10CD-4C5D-9740-0423C0CD4A5B}.AppStore|x86.Build.0 = Release|Any CPU
		{87C3C03C-10CD-4C5D-9740-0423C0CD4A5B}.Debug|Any CPU.ActiveCfg = Debug|Any CPU
		{87C3C03C-10CD-4C5D-9740-0423C0CD4A5B}.Debug|Any CPU.Build.0 = Debug|Any CPU
		{87C3C03C-10CD-4C5D-9740-0423C0CD4A5B}.Debug|ARM.ActiveCfg = Debug|Any CPU
		{87C3C03C-10CD-4C5D-9740-0423C0CD4A5B}.Debug|ARM.Build.0 = Debug|Any CPU
		{87C3C03C-10CD-4C5D-9740-0423C0CD4A5B}.Debug|iPhone.ActiveCfg = Debug|Any CPU
		{87C3C03C-10CD-4C5D-9740-0423C0CD4A5B}.Debug|iPhone.Build.0 = Debug|Any CPU
		{87C3C03C-10CD-4C5D-9740-0423C0CD4A5B}.Debug|iPhoneSimulator.ActiveCfg = Debug|Any CPU
		{87C3C03C-10CD-4C5D-9740-0423C0CD4A5B}.Debug|iPhoneSimulator.Build.0 = Debug|Any CPU
		{87C3C03C-10CD-4C5D-9740-0423C0CD4A5B}.Debug|x64.ActiveCfg = Debug|Any CPU
		{87C3C03C-10CD-4C5D-9740-0423C0CD4A5B}.Debug|x64.Build.0 = Debug|Any CPU
		{87C3C03C-10CD-4C5D-9740-0423C0CD4A5B}.Debug|x86.ActiveCfg = Debug|Any CPU
		{87C3C03C-10CD-4C5D-9740-0423C0CD4A5B}.Debug|x86.Build.0 = Debug|Any CPU
		{87C3C03C-10CD-4C5D-9740-0423C0CD4A5B}.DebugServer|Any CPU.ActiveCfg = Debug|Any CPU
		{87C3C03C-10CD-4C5D-9740-0423C0CD4A5B}.DebugServer|Any CPU.Build.0 = Debug|Any CPU
		{87C3C03C-10CD-4C5D-9740-0423C0CD4A5B}.DebugServer|ARM.ActiveCfg = Debug|Any CPU
		{87C3C03C-10CD-4C5D-9740-0423C0CD4A5B}.DebugServer|ARM.Build.0 = Debug|Any CPU
		{87C3C03C-10CD-4C5D-9740-0423C0CD4A5B}.DebugServer|iPhone.ActiveCfg = Debug|Any CPU
		{87C3C03C-10CD-4C5D-9740-0423C0CD4A5B}.DebugServer|iPhone.Build.0 = Debug|Any CPU
		{87C3C03C-10CD-4C5D-9740-0423C0CD4A5B}.DebugServer|iPhoneSimulator.ActiveCfg = Debug|Any CPU
		{87C3C03C-10CD-4C5D-9740-0423C0CD4A5B}.DebugServer|iPhoneSimulator.Build.0 = Debug|Any CPU
		{87C3C03C-10CD-4C5D-9740-0423C0CD4A5B}.DebugServer|x64.ActiveCfg = Debug|Any CPU
		{87C3C03C-10CD-4C5D-9740-0423C0CD4A5B}.DebugServer|x64.Build.0 = Debug|Any CPU
		{87C3C03C-10CD-4C5D-9740-0423C0CD4A5B}.DebugServer|x86.ActiveCfg = Debug|Any CPU
		{87C3C03C-10CD-4C5D-9740-0423C0CD4A5B}.DebugServer|x86.Build.0 = Debug|Any CPU
		{87C3C03C-10CD-4C5D-9740-0423C0CD4A5B}.Release|Any CPU.ActiveCfg = Release|Any CPU
		{87C3C03C-10CD-4C5D-9740-0423C0CD4A5B}.Release|Any CPU.Build.0 = Release|Any CPU
		{87C3C03C-10CD-4C5D-9740-0423C0CD4A5B}.Release|ARM.ActiveCfg = Release|Any CPU
		{87C3C03C-10CD-4C5D-9740-0423C0CD4A5B}.Release|ARM.Build.0 = Release|Any CPU
		{87C3C03C-10CD-4C5D-9740-0423C0CD4A5B}.Release|iPhone.ActiveCfg = Release|Any CPU
		{87C3C03C-10CD-4C5D-9740-0423C0CD4A5B}.Release|iPhone.Build.0 = Release|Any CPU
		{87C3C03C-10CD-4C5D-9740-0423C0CD4A5B}.Release|iPhoneSimulator.ActiveCfg = Release|Any CPU
		{87C3C03C-10CD-4C5D-9740-0423C0CD4A5B}.Release|iPhoneSimulator.Build.0 = Release|Any CPU
		{87C3C03C-10CD-4C5D-9740-0423C0CD4A5B}.Release|x64.ActiveCfg = Release|Any CPU
		{87C3C03C-10CD-4C5D-9740-0423C0CD4A5B}.Release|x64.Build.0 = Release|Any CPU
		{87C3C03C-10CD-4C5D-9740-0423C0CD4A5B}.Release|x86.ActiveCfg = Release|Any CPU
		{87C3C03C-10CD-4C5D-9740-0423C0CD4A5B}.Release|x86.Build.0 = Release|Any CPU
		{87C3C03C-10CD-4C5D-9740-0423C0CD4A5B}.Test|Any CPU.ActiveCfg = Debug|Any CPU
		{87C3C03C-10CD-4C5D-9740-0423C0CD4A5B}.Test|Any CPU.Build.0 = Debug|Any CPU
		{87C3C03C-10CD-4C5D-9740-0423C0CD4A5B}.Test|ARM.ActiveCfg = Debug|Any CPU
		{87C3C03C-10CD-4C5D-9740-0423C0CD4A5B}.Test|ARM.Build.0 = Debug|Any CPU
		{87C3C03C-10CD-4C5D-9740-0423C0CD4A5B}.Test|iPhone.ActiveCfg = Debug|Any CPU
		{87C3C03C-10CD-4C5D-9740-0423C0CD4A5B}.Test|iPhone.Build.0 = Debug|Any CPU
		{87C3C03C-10CD-4C5D-9740-0423C0CD4A5B}.Test|iPhoneSimulator.ActiveCfg = Debug|Any CPU
		{87C3C03C-10CD-4C5D-9740-0423C0CD4A5B}.Test|iPhoneSimulator.Build.0 = Debug|Any CPU
		{87C3C03C-10CD-4C5D-9740-0423C0CD4A5B}.Test|x64.ActiveCfg = Debug|Any CPU
		{87C3C03C-10CD-4C5D-9740-0423C0CD4A5B}.Test|x64.Build.0 = Debug|Any CPU
		{87C3C03C-10CD-4C5D-9740-0423C0CD4A5B}.Test|x86.ActiveCfg = Debug|Any CPU
		{87C3C03C-10CD-4C5D-9740-0423C0CD4A5B}.Test|x86.Build.0 = Debug|Any CPU
		{3C7B4836-912E-4B0E-A087-1E25B6674160}.Ad-Hoc|Any CPU.ActiveCfg = Release|Any CPU
		{3C7B4836-912E-4B0E-A087-1E25B6674160}.Ad-Hoc|Any CPU.Build.0 = Release|Any CPU
		{3C7B4836-912E-4B0E-A087-1E25B6674160}.Ad-Hoc|ARM.ActiveCfg = Release|Any CPU
		{3C7B4836-912E-4B0E-A087-1E25B6674160}.Ad-Hoc|ARM.Build.0 = Release|Any CPU
		{3C7B4836-912E-4B0E-A087-1E25B6674160}.Ad-Hoc|iPhone.ActiveCfg = Release|Any CPU
		{3C7B4836-912E-4B0E-A087-1E25B6674160}.Ad-Hoc|iPhone.Build.0 = Release|Any CPU
		{3C7B4836-912E-4B0E-A087-1E25B6674160}.Ad-Hoc|iPhoneSimulator.ActiveCfg = Release|Any CPU
		{3C7B4836-912E-4B0E-A087-1E25B6674160}.Ad-Hoc|iPhoneSimulator.Build.0 = Release|Any CPU
		{3C7B4836-912E-4B0E-A087-1E25B6674160}.Ad-Hoc|x64.ActiveCfg = Release|Any CPU
		{3C7B4836-912E-4B0E-A087-1E25B6674160}.Ad-Hoc|x64.Build.0 = Release|Any CPU
		{3C7B4836-912E-4B0E-A087-1E25B6674160}.Ad-Hoc|x86.ActiveCfg = Release|Any CPU
		{3C7B4836-912E-4B0E-A087-1E25B6674160}.Ad-Hoc|x86.Build.0 = Release|Any CPU
		{3C7B4836-912E-4B0E-A087-1E25B6674160}.AppStore|Any CPU.ActiveCfg = Release|Any CPU
		{3C7B4836-912E-4B0E-A087-1E25B6674160}.AppStore|Any CPU.Build.0 = Release|Any CPU
		{3C7B4836-912E-4B0E-A087-1E25B6674160}.AppStore|ARM.ActiveCfg = Release|Any CPU
		{3C7B4836-912E-4B0E-A087-1E25B6674160}.AppStore|ARM.Build.0 = Release|Any CPU
		{3C7B4836-912E-4B0E-A087-1E25B6674160}.AppStore|iPhone.ActiveCfg = Release|Any CPU
		{3C7B4836-912E-4B0E-A087-1E25B6674160}.AppStore|iPhone.Build.0 = Release|Any CPU
		{3C7B4836-912E-4B0E-A087-1E25B6674160}.AppStore|iPhoneSimulator.ActiveCfg = Release|Any CPU
		{3C7B4836-912E-4B0E-A087-1E25B6674160}.AppStore|iPhoneSimulator.Build.0 = Release|Any CPU
		{3C7B4836-912E-4B0E-A087-1E25B6674160}.AppStore|x64.ActiveCfg = Release|Any CPU
		{3C7B4836-912E-4B0E-A087-1E25B6674160}.AppStore|x64.Build.0 = Release|Any CPU
		{3C7B4836-912E-4B0E-A087-1E25B6674160}.AppStore|x86.ActiveCfg = Release|Any CPU
		{3C7B4836-912E-4B0E-A087-1E25B6674160}.AppStore|x86.Build.0 = Release|Any CPU
		{3C7B4836-912E-4B0E-A087-1E25B6674160}.Debug|Any CPU.ActiveCfg = Debug|Any CPU
		{3C7B4836-912E-4B0E-A087-1E25B6674160}.Debug|Any CPU.Build.0 = Debug|Any CPU
		{3C7B4836-912E-4B0E-A087-1E25B6674160}.Debug|ARM.ActiveCfg = Debug|Any CPU
		{3C7B4836-912E-4B0E-A087-1E25B6674160}.Debug|ARM.Build.0 = Debug|Any CPU
		{3C7B4836-912E-4B0E-A087-1E25B6674160}.Debug|iPhone.ActiveCfg = Debug|Any CPU
		{3C7B4836-912E-4B0E-A087-1E25B6674160}.Debug|iPhone.Build.0 = Debug|Any CPU
		{3C7B4836-912E-4B0E-A087-1E25B6674160}.Debug|iPhoneSimulator.ActiveCfg = Debug|Any CPU
		{3C7B4836-912E-4B0E-A087-1E25B6674160}.Debug|iPhoneSimulator.Build.0 = Debug|Any CPU
		{3C7B4836-912E-4B0E-A087-1E25B6674160}.Debug|x64.ActiveCfg = Debug|Any CPU
		{3C7B4836-912E-4B0E-A087-1E25B6674160}.Debug|x64.Build.0 = Debug|Any CPU
		{3C7B4836-912E-4B0E-A087-1E25B6674160}.Debug|x86.ActiveCfg = Debug|Any CPU
		{3C7B4836-912E-4B0E-A087-1E25B6674160}.Debug|x86.Build.0 = Debug|Any CPU
		{3C7B4836-912E-4B0E-A087-1E25B6674160}.DebugServer|Any CPU.ActiveCfg = Debug|Any CPU
		{3C7B4836-912E-4B0E-A087-1E25B6674160}.DebugServer|Any CPU.Build.0 = Debug|Any CPU
		{3C7B4836-912E-4B0E-A087-1E25B6674160}.DebugServer|ARM.ActiveCfg = Debug|Any CPU
		{3C7B4836-912E-4B0E-A087-1E25B6674160}.DebugServer|ARM.Build.0 = Debug|Any CPU
		{3C7B4836-912E-4B0E-A087-1E25B6674160}.DebugServer|iPhone.ActiveCfg = Debug|Any CPU
		{3C7B4836-912E-4B0E-A087-1E25B6674160}.DebugServer|iPhone.Build.0 = Debug|Any CPU
		{3C7B4836-912E-4B0E-A087-1E25B6674160}.DebugServer|iPhoneSimulator.ActiveCfg = Debug|Any CPU
		{3C7B4836-912E-4B0E-A087-1E25B6674160}.DebugServer|iPhoneSimulator.Build.0 = Debug|Any CPU
		{3C7B4836-912E-4B0E-A087-1E25B6674160}.DebugServer|x64.ActiveCfg = Debug|Any CPU
		{3C7B4836-912E-4B0E-A087-1E25B6674160}.DebugServer|x64.Build.0 = Debug|Any CPU
		{3C7B4836-912E-4B0E-A087-1E25B6674160}.DebugServer|x86.ActiveCfg = Debug|Any CPU
		{3C7B4836-912E-4B0E-A087-1E25B6674160}.DebugServer|x86.Build.0 = Debug|Any CPU
		{3C7B4836-912E-4B0E-A087-1E25B6674160}.Release|Any CPU.ActiveCfg = Release|Any CPU
		{3C7B4836-912E-4B0E-A087-1E25B6674160}.Release|Any CPU.Build.0 = Release|Any CPU
		{3C7B4836-912E-4B0E-A087-1E25B6674160}.Release|ARM.ActiveCfg = Release|Any CPU
		{3C7B4836-912E-4B0E-A087-1E25B6674160}.Release|ARM.Build.0 = Release|Any CPU
		{3C7B4836-912E-4B0E-A087-1E25B6674160}.Release|iPhone.ActiveCfg = Release|Any CPU
		{3C7B4836-912E-4B0E-A087-1E25B6674160}.Release|iPhone.Build.0 = Release|Any CPU
		{3C7B4836-912E-4B0E-A087-1E25B6674160}.Release|iPhoneSimulator.ActiveCfg = Release|Any CPU
		{3C7B4836-912E-4B0E-A087-1E25B6674160}.Release|iPhoneSimulator.Build.0 = Release|Any CPU
		{3C7B4836-912E-4B0E-A087-1E25B6674160}.Release|x64.ActiveCfg = Release|Any CPU
		{3C7B4836-912E-4B0E-A087-1E25B6674160}.Release|x64.Build.0 = Release|Any CPU
		{3C7B4836-912E-4B0E-A087-1E25B6674160}.Release|x86.ActiveCfg = Release|Any CPU
		{3C7B4836-912E-4B0E-A087-1E25B6674160}.Release|x86.Build.0 = Release|Any CPU
		{3C7B4836-912E-4B0E-A087-1E25B6674160}.Test|Any CPU.ActiveCfg = Debug|Any CPU
		{3C7B4836-912E-4B0E-A087-1E25B6674160}.Test|Any CPU.Build.0 = Debug|Any CPU
		{3C7B4836-912E-4B0E-A087-1E25B6674160}.Test|ARM.ActiveCfg = Debug|Any CPU
		{3C7B4836-912E-4B0E-A087-1E25B6674160}.Test|ARM.Build.0 = Debug|Any CPU
		{3C7B4836-912E-4B0E-A087-1E25B6674160}.Test|iPhone.ActiveCfg = Debug|Any CPU
		{3C7B4836-912E-4B0E-A087-1E25B6674160}.Test|iPhone.Build.0 = Debug|Any CPU
		{3C7B4836-912E-4B0E-A087-1E25B6674160}.Test|iPhoneSimulator.ActiveCfg = Debug|Any CPU
		{3C7B4836-912E-4B0E-A087-1E25B6674160}.Test|iPhoneSimulator.Build.0 = Debug|Any CPU
		{3C7B4836-912E-4B0E-A087-1E25B6674160}.Test|x64.ActiveCfg = Debug|Any CPU
		{3C7B4836-912E-4B0E-A087-1E25B6674160}.Test|x64.Build.0 = Debug|Any CPU
		{3C7B4836-912E-4B0E-A087-1E25B6674160}.Test|x86.ActiveCfg = Debug|Any CPU
		{3C7B4836-912E-4B0E-A087-1E25B6674160}.Test|x86.Build.0 = Debug|Any CPU
		{5139DE10-EA8A-408B-98C5-8AF7CC79A3C5}.Ad-Hoc|Any CPU.ActiveCfg = Release|Any CPU
		{5139DE10-EA8A-408B-98C5-8AF7CC79A3C5}.Ad-Hoc|Any CPU.Build.0 = Release|Any CPU
		{5139DE10-EA8A-408B-98C5-8AF7CC79A3C5}.Ad-Hoc|ARM.ActiveCfg = Release|Any CPU
		{5139DE10-EA8A-408B-98C5-8AF7CC79A3C5}.Ad-Hoc|ARM.Build.0 = Release|Any CPU
		{5139DE10-EA8A-408B-98C5-8AF7CC79A3C5}.Ad-Hoc|iPhone.ActiveCfg = Release|Any CPU
		{5139DE10-EA8A-408B-98C5-8AF7CC79A3C5}.Ad-Hoc|iPhone.Build.0 = Release|Any CPU
		{5139DE10-EA8A-408B-98C5-8AF7CC79A3C5}.Ad-Hoc|iPhoneSimulator.ActiveCfg = Release|Any CPU
		{5139DE10-EA8A-408B-98C5-8AF7CC79A3C5}.Ad-Hoc|iPhoneSimulator.Build.0 = Release|Any CPU
		{5139DE10-EA8A-408B-98C5-8AF7CC79A3C5}.Ad-Hoc|x64.ActiveCfg = Release|Any CPU
		{5139DE10-EA8A-408B-98C5-8AF7CC79A3C5}.Ad-Hoc|x64.Build.0 = Release|Any CPU
		{5139DE10-EA8A-408B-98C5-8AF7CC79A3C5}.Ad-Hoc|x86.ActiveCfg = Release|Any CPU
		{5139DE10-EA8A-408B-98C5-8AF7CC79A3C5}.Ad-Hoc|x86.Build.0 = Release|Any CPU
		{5139DE10-EA8A-408B-98C5-8AF7CC79A3C5}.AppStore|Any CPU.ActiveCfg = Release|Any CPU
		{5139DE10-EA8A-408B-98C5-8AF7CC79A3C5}.AppStore|Any CPU.Build.0 = Release|Any CPU
		{5139DE10-EA8A-408B-98C5-8AF7CC79A3C5}.AppStore|ARM.ActiveCfg = Release|Any CPU
		{5139DE10-EA8A-408B-98C5-8AF7CC79A3C5}.AppStore|ARM.Build.0 = Release|Any CPU
		{5139DE10-EA8A-408B-98C5-8AF7CC79A3C5}.AppStore|iPhone.ActiveCfg = Release|Any CPU
		{5139DE10-EA8A-408B-98C5-8AF7CC79A3C5}.AppStore|iPhone.Build.0 = Release|Any CPU
		{5139DE10-EA8A-408B-98C5-8AF7CC79A3C5}.AppStore|iPhoneSimulator.ActiveCfg = Release|Any CPU
		{5139DE10-EA8A-408B-98C5-8AF7CC79A3C5}.AppStore|iPhoneSimulator.Build.0 = Release|Any CPU
		{5139DE10-EA8A-408B-98C5-8AF7CC79A3C5}.AppStore|x64.ActiveCfg = Release|Any CPU
		{5139DE10-EA8A-408B-98C5-8AF7CC79A3C5}.AppStore|x64.Build.0 = Release|Any CPU
		{5139DE10-EA8A-408B-98C5-8AF7CC79A3C5}.AppStore|x86.ActiveCfg = Release|Any CPU
		{5139DE10-EA8A-408B-98C5-8AF7CC79A3C5}.AppStore|x86.Build.0 = Release|Any CPU
		{5139DE10-EA8A-408B-98C5-8AF7CC79A3C5}.Debug|Any CPU.ActiveCfg = Debug|Any CPU
		{5139DE10-EA8A-408B-98C5-8AF7CC79A3C5}.Debug|Any CPU.Build.0 = Debug|Any CPU
		{5139DE10-EA8A-408B-98C5-8AF7CC79A3C5}.Debug|ARM.ActiveCfg = Debug|Any CPU
		{5139DE10-EA8A-408B-98C5-8AF7CC79A3C5}.Debug|ARM.Build.0 = Debug|Any CPU
		{5139DE10-EA8A-408B-98C5-8AF7CC79A3C5}.Debug|iPhone.ActiveCfg = Debug|Any CPU
		{5139DE10-EA8A-408B-98C5-8AF7CC79A3C5}.Debug|iPhone.Build.0 = Debug|Any CPU
		{5139DE10-EA8A-408B-98C5-8AF7CC79A3C5}.Debug|iPhoneSimulator.ActiveCfg = Debug|Any CPU
		{5139DE10-EA8A-408B-98C5-8AF7CC79A3C5}.Debug|iPhoneSimulator.Build.0 = Debug|Any CPU
		{5139DE10-EA8A-408B-98C5-8AF7CC79A3C5}.Debug|x64.ActiveCfg = Debug|Any CPU
		{5139DE10-EA8A-408B-98C5-8AF7CC79A3C5}.Debug|x64.Build.0 = Debug|Any CPU
		{5139DE10-EA8A-408B-98C5-8AF7CC79A3C5}.Debug|x86.ActiveCfg = Debug|Any CPU
		{5139DE10-EA8A-408B-98C5-8AF7CC79A3C5}.Debug|x86.Build.0 = Debug|Any CPU
		{5139DE10-EA8A-408B-98C5-8AF7CC79A3C5}.DebugServer|Any CPU.ActiveCfg = Debug|Any CPU
		{5139DE10-EA8A-408B-98C5-8AF7CC79A3C5}.DebugServer|Any CPU.Build.0 = Debug|Any CPU
		{5139DE10-EA8A-408B-98C5-8AF7CC79A3C5}.DebugServer|ARM.ActiveCfg = Debug|Any CPU
		{5139DE10-EA8A-408B-98C5-8AF7CC79A3C5}.DebugServer|ARM.Build.0 = Debug|Any CPU
		{5139DE10-EA8A-408B-98C5-8AF7CC79A3C5}.DebugServer|iPhone.ActiveCfg = Debug|Any CPU
		{5139DE10-EA8A-408B-98C5-8AF7CC79A3C5}.DebugServer|iPhone.Build.0 = Debug|Any CPU
		{5139DE10-EA8A-408B-98C5-8AF7CC79A3C5}.DebugServer|iPhoneSimulator.ActiveCfg = Debug|Any CPU
		{5139DE10-EA8A-408B-98C5-8AF7CC79A3C5}.DebugServer|iPhoneSimulator.Build.0 = Debug|Any CPU
		{5139DE10-EA8A-408B-98C5-8AF7CC79A3C5}.DebugServer|x64.ActiveCfg = Debug|Any CPU
		{5139DE10-EA8A-408B-98C5-8AF7CC79A3C5}.DebugServer|x64.Build.0 = Debug|Any CPU
		{5139DE10-EA8A-408B-98C5-8AF7CC79A3C5}.DebugServer|x86.ActiveCfg = Debug|Any CPU
		{5139DE10-EA8A-408B-98C5-8AF7CC79A3C5}.DebugServer|x86.Build.0 = Debug|Any CPU
		{5139DE10-EA8A-408B-98C5-8AF7CC79A3C5}.Release|Any CPU.ActiveCfg = Release|Any CPU
		{5139DE10-EA8A-408B-98C5-8AF7CC79A3C5}.Release|Any CPU.Build.0 = Release|Any CPU
		{5139DE10-EA8A-408B-98C5-8AF7CC79A3C5}.Release|ARM.ActiveCfg = Release|Any CPU
		{5139DE10-EA8A-408B-98C5-8AF7CC79A3C5}.Release|ARM.Build.0 = Release|Any CPU
		{5139DE10-EA8A-408B-98C5-8AF7CC79A3C5}.Release|iPhone.ActiveCfg = Release|Any CPU
		{5139DE10-EA8A-408B-98C5-8AF7CC79A3C5}.Release|iPhone.Build.0 = Release|Any CPU
		{5139DE10-EA8A-408B-98C5-8AF7CC79A3C5}.Release|iPhoneSimulator.ActiveCfg = Release|Any CPU
		{5139DE10-EA8A-408B-98C5-8AF7CC79A3C5}.Release|iPhoneSimulator.Build.0 = Release|Any CPU
		{5139DE10-EA8A-408B-98C5-8AF7CC79A3C5}.Release|x64.ActiveCfg = Release|Any CPU
		{5139DE10-EA8A-408B-98C5-8AF7CC79A3C5}.Release|x64.Build.0 = Release|Any CPU
		{5139DE10-EA8A-408B-98C5-8AF7CC79A3C5}.Release|x86.ActiveCfg = Release|Any CPU
		{5139DE10-EA8A-408B-98C5-8AF7CC79A3C5}.Release|x86.Build.0 = Release|Any CPU
		{5139DE10-EA8A-408B-98C5-8AF7CC79A3C5}.Test|Any CPU.ActiveCfg = Debug|Any CPU
		{5139DE10-EA8A-408B-98C5-8AF7CC79A3C5}.Test|Any CPU.Build.0 = Debug|Any CPU
		{5139DE10-EA8A-408B-98C5-8AF7CC79A3C5}.Test|ARM.ActiveCfg = Debug|Any CPU
		{5139DE10-EA8A-408B-98C5-8AF7CC79A3C5}.Test|ARM.Build.0 = Debug|Any CPU
		{5139DE10-EA8A-408B-98C5-8AF7CC79A3C5}.Test|iPhone.ActiveCfg = Debug|Any CPU
		{5139DE10-EA8A-408B-98C5-8AF7CC79A3C5}.Test|iPhone.Build.0 = Debug|Any CPU
		{5139DE10-EA8A-408B-98C5-8AF7CC79A3C5}.Test|iPhoneSimulator.ActiveCfg = Debug|Any CPU
		{5139DE10-EA8A-408B-98C5-8AF7CC79A3C5}.Test|iPhoneSimulator.Build.0 = Debug|Any CPU
		{5139DE10-EA8A-408B-98C5-8AF7CC79A3C5}.Test|x64.ActiveCfg = Debug|Any CPU
		{5139DE10-EA8A-408B-98C5-8AF7CC79A3C5}.Test|x64.Build.0 = Debug|Any CPU
		{5139DE10-EA8A-408B-98C5-8AF7CC79A3C5}.Test|x86.ActiveCfg = Debug|Any CPU
		{5139DE10-EA8A-408B-98C5-8AF7CC79A3C5}.Test|x86.Build.0 = Debug|Any CPU
		{B00B27BD-72D6-48A0-B2F2-924AF0129D2E}.Ad-Hoc|Any CPU.ActiveCfg = Release|Any CPU
		{B00B27BD-72D6-48A0-B2F2-924AF0129D2E}.Ad-Hoc|Any CPU.Build.0 = Release|Any CPU
		{B00B27BD-72D6-48A0-B2F2-924AF0129D2E}.Ad-Hoc|ARM.ActiveCfg = Release|Any CPU
		{B00B27BD-72D6-48A0-B2F2-924AF0129D2E}.Ad-Hoc|ARM.Build.0 = Release|Any CPU
		{B00B27BD-72D6-48A0-B2F2-924AF0129D2E}.Ad-Hoc|iPhone.ActiveCfg = Release|Any CPU
		{B00B27BD-72D6-48A0-B2F2-924AF0129D2E}.Ad-Hoc|iPhone.Build.0 = Release|Any CPU
		{B00B27BD-72D6-48A0-B2F2-924AF0129D2E}.Ad-Hoc|iPhoneSimulator.ActiveCfg = Release|Any CPU
		{B00B27BD-72D6-48A0-B2F2-924AF0129D2E}.Ad-Hoc|iPhoneSimulator.Build.0 = Release|Any CPU
		{B00B27BD-72D6-48A0-B2F2-924AF0129D2E}.Ad-Hoc|x64.ActiveCfg = Release|Any CPU
		{B00B27BD-72D6-48A0-B2F2-924AF0129D2E}.Ad-Hoc|x64.Build.0 = Release|Any CPU
		{B00B27BD-72D6-48A0-B2F2-924AF0129D2E}.Ad-Hoc|x86.ActiveCfg = Release|Any CPU
		{B00B27BD-72D6-48A0-B2F2-924AF0129D2E}.Ad-Hoc|x86.Build.0 = Release|Any CPU
		{B00B27BD-72D6-48A0-B2F2-924AF0129D2E}.AppStore|Any CPU.ActiveCfg = Release|Any CPU
		{B00B27BD-72D6-48A0-B2F2-924AF0129D2E}.AppStore|Any CPU.Build.0 = Release|Any CPU
		{B00B27BD-72D6-48A0-B2F2-924AF0129D2E}.AppStore|ARM.ActiveCfg = Release|Any CPU
		{B00B27BD-72D6-48A0-B2F2-924AF0129D2E}.AppStore|ARM.Build.0 = Release|Any CPU
		{B00B27BD-72D6-48A0-B2F2-924AF0129D2E}.AppStore|iPhone.ActiveCfg = Release|Any CPU
		{B00B27BD-72D6-48A0-B2F2-924AF0129D2E}.AppStore|iPhone.Build.0 = Release|Any CPU
		{B00B27BD-72D6-48A0-B2F2-924AF0129D2E}.AppStore|iPhoneSimulator.ActiveCfg = Release|Any CPU
		{B00B27BD-72D6-48A0-B2F2-924AF0129D2E}.AppStore|iPhoneSimulator.Build.0 = Release|Any CPU
		{B00B27BD-72D6-48A0-B2F2-924AF0129D2E}.AppStore|x64.ActiveCfg = Release|Any CPU
		{B00B27BD-72D6-48A0-B2F2-924AF0129D2E}.AppStore|x64.Build.0 = Release|Any CPU
		{B00B27BD-72D6-48A0-B2F2-924AF0129D2E}.AppStore|x86.ActiveCfg = Release|Any CPU
		{B00B27BD-72D6-48A0-B2F2-924AF0129D2E}.AppStore|x86.Build.0 = Release|Any CPU
		{B00B27BD-72D6-48A0-B2F2-924AF0129D2E}.Debug|Any CPU.ActiveCfg = Debug|Any CPU
		{B00B27BD-72D6-48A0-B2F2-924AF0129D2E}.Debug|Any CPU.Build.0 = Debug|Any CPU
		{B00B27BD-72D6-48A0-B2F2-924AF0129D2E}.Debug|ARM.ActiveCfg = Debug|Any CPU
		{B00B27BD-72D6-48A0-B2F2-924AF0129D2E}.Debug|ARM.Build.0 = Debug|Any CPU
		{B00B27BD-72D6-48A0-B2F2-924AF0129D2E}.Debug|iPhone.ActiveCfg = Debug|Any CPU
		{B00B27BD-72D6-48A0-B2F2-924AF0129D2E}.Debug|iPhone.Build.0 = Debug|Any CPU
		{B00B27BD-72D6-48A0-B2F2-924AF0129D2E}.Debug|iPhoneSimulator.ActiveCfg = Debug|Any CPU
		{B00B27BD-72D6-48A0-B2F2-924AF0129D2E}.Debug|iPhoneSimulator.Build.0 = Debug|Any CPU
		{B00B27BD-72D6-48A0-B2F2-924AF0129D2E}.Debug|x64.ActiveCfg = Debug|Any CPU
		{B00B27BD-72D6-48A0-B2F2-924AF0129D2E}.Debug|x64.Build.0 = Debug|Any CPU
		{B00B27BD-72D6-48A0-B2F2-924AF0129D2E}.Debug|x86.ActiveCfg = Debug|Any CPU
		{B00B27BD-72D6-48A0-B2F2-924AF0129D2E}.Debug|x86.Build.0 = Debug|Any CPU
		{B00B27BD-72D6-48A0-B2F2-924AF0129D2E}.DebugServer|Any CPU.ActiveCfg = Debug|Any CPU
		{B00B27BD-72D6-48A0-B2F2-924AF0129D2E}.DebugServer|Any CPU.Build.0 = Debug|Any CPU
		{B00B27BD-72D6-48A0-B2F2-924AF0129D2E}.DebugServer|ARM.ActiveCfg = Debug|Any CPU
		{B00B27BD-72D6-48A0-B2F2-924AF0129D2E}.DebugServer|ARM.Build.0 = Debug|Any CPU
		{B00B27BD-72D6-48A0-B2F2-924AF0129D2E}.DebugServer|iPhone.ActiveCfg = Debug|Any CPU
		{B00B27BD-72D6-48A0-B2F2-924AF0129D2E}.DebugServer|iPhone.Build.0 = Debug|Any CPU
		{B00B27BD-72D6-48A0-B2F2-924AF0129D2E}.DebugServer|iPhoneSimulator.ActiveCfg = Debug|Any CPU
		{B00B27BD-72D6-48A0-B2F2-924AF0129D2E}.DebugServer|iPhoneSimulator.Build.0 = Debug|Any CPU
		{B00B27BD-72D6-48A0-B2F2-924AF0129D2E}.DebugServer|x64.ActiveCfg = Debug|Any CPU
		{B00B27BD-72D6-48A0-B2F2-924AF0129D2E}.DebugServer|x64.Build.0 = Debug|Any CPU
		{B00B27BD-72D6-48A0-B2F2-924AF0129D2E}.DebugServer|x86.ActiveCfg = Debug|Any CPU
		{B00B27BD-72D6-48A0-B2F2-924AF0129D2E}.DebugServer|x86.Build.0 = Debug|Any CPU
		{B00B27BD-72D6-48A0-B2F2-924AF0129D2E}.Release|Any CPU.ActiveCfg = Release|Any CPU
		{B00B27BD-72D6-48A0-B2F2-924AF0129D2E}.Release|Any CPU.Build.0 = Release|Any CPU
		{B00B27BD-72D6-48A0-B2F2-924AF0129D2E}.Release|ARM.ActiveCfg = Release|Any CPU
		{B00B27BD-72D6-48A0-B2F2-924AF0129D2E}.Release|ARM.Build.0 = Release|Any CPU
		{B00B27BD-72D6-48A0-B2F2-924AF0129D2E}.Release|iPhone.ActiveCfg = Release|Any CPU
		{B00B27BD-72D6-48A0-B2F2-924AF0129D2E}.Release|iPhone.Build.0 = Release|Any CPU
		{B00B27BD-72D6-48A0-B2F2-924AF0129D2E}.Release|iPhoneSimulator.ActiveCfg = Release|Any CPU
		{B00B27BD-72D6-48A0-B2F2-924AF0129D2E}.Release|iPhoneSimulator.Build.0 = Release|Any CPU
		{B00B27BD-72D6-48A0-B2F2-924AF0129D2E}.Release|x64.ActiveCfg = Release|Any CPU
		{B00B27BD-72D6-48A0-B2F2-924AF0129D2E}.Release|x64.Build.0 = Release|Any CPU
		{B00B27BD-72D6-48A0-B2F2-924AF0129D2E}.Release|x86.ActiveCfg = Release|Any CPU
		{B00B27BD-72D6-48A0-B2F2-924AF0129D2E}.Release|x86.Build.0 = Release|Any CPU
		{B00B27BD-72D6-48A0-B2F2-924AF0129D2E}.Test|Any CPU.ActiveCfg = Debug|Any CPU
		{B00B27BD-72D6-48A0-B2F2-924AF0129D2E}.Test|Any CPU.Build.0 = Debug|Any CPU
		{B00B27BD-72D6-48A0-B2F2-924AF0129D2E}.Test|ARM.ActiveCfg = Debug|Any CPU
		{B00B27BD-72D6-48A0-B2F2-924AF0129D2E}.Test|ARM.Build.0 = Debug|Any CPU
		{B00B27BD-72D6-48A0-B2F2-924AF0129D2E}.Test|iPhone.ActiveCfg = Debug|Any CPU
		{B00B27BD-72D6-48A0-B2F2-924AF0129D2E}.Test|iPhone.Build.0 = Debug|Any CPU
		{B00B27BD-72D6-48A0-B2F2-924AF0129D2E}.Test|iPhoneSimulator.ActiveCfg = Debug|Any CPU
		{B00B27BD-72D6-48A0-B2F2-924AF0129D2E}.Test|iPhoneSimulator.Build.0 = Debug|Any CPU
		{B00B27BD-72D6-48A0-B2F2-924AF0129D2E}.Test|x64.ActiveCfg = Debug|Any CPU
		{B00B27BD-72D6-48A0-B2F2-924AF0129D2E}.Test|x64.Build.0 = Debug|Any CPU
		{B00B27BD-72D6-48A0-B2F2-924AF0129D2E}.Test|x86.ActiveCfg = Debug|Any CPU
		{B00B27BD-72D6-48A0-B2F2-924AF0129D2E}.Test|x86.Build.0 = Debug|Any CPU
		{B4BAA20E-28C4-409E-B6E1-D2CDA08A3848}.Ad-Hoc|Any CPU.ActiveCfg = Release|Any CPU
		{B4BAA20E-28C4-409E-B6E1-D2CDA08A3848}.Ad-Hoc|Any CPU.Build.0 = Release|Any CPU
		{B4BAA20E-28C4-409E-B6E1-D2CDA08A3848}.Ad-Hoc|ARM.ActiveCfg = Release|Any CPU
		{B4BAA20E-28C4-409E-B6E1-D2CDA08A3848}.Ad-Hoc|ARM.Build.0 = Release|Any CPU
		{B4BAA20E-28C4-409E-B6E1-D2CDA08A3848}.Ad-Hoc|iPhone.ActiveCfg = Release|Any CPU
		{B4BAA20E-28C4-409E-B6E1-D2CDA08A3848}.Ad-Hoc|iPhone.Build.0 = Release|Any CPU
		{B4BAA20E-28C4-409E-B6E1-D2CDA08A3848}.Ad-Hoc|iPhoneSimulator.ActiveCfg = Release|Any CPU
		{B4BAA20E-28C4-409E-B6E1-D2CDA08A3848}.Ad-Hoc|iPhoneSimulator.Build.0 = Release|Any CPU
		{B4BAA20E-28C4-409E-B6E1-D2CDA08A3848}.Ad-Hoc|x64.ActiveCfg = Release|Any CPU
		{B4BAA20E-28C4-409E-B6E1-D2CDA08A3848}.Ad-Hoc|x64.Build.0 = Release|Any CPU
		{B4BAA20E-28C4-409E-B6E1-D2CDA08A3848}.Ad-Hoc|x86.ActiveCfg = Release|Any CPU
		{B4BAA20E-28C4-409E-B6E1-D2CDA08A3848}.Ad-Hoc|x86.Build.0 = Release|Any CPU
		{B4BAA20E-28C4-409E-B6E1-D2CDA08A3848}.AppStore|Any CPU.ActiveCfg = Release|Any CPU
		{B4BAA20E-28C4-409E-B6E1-D2CDA08A3848}.AppStore|Any CPU.Build.0 = Release|Any CPU
		{B4BAA20E-28C4-409E-B6E1-D2CDA08A3848}.AppStore|ARM.ActiveCfg = Release|Any CPU
		{B4BAA20E-28C4-409E-B6E1-D2CDA08A3848}.AppStore|ARM.Build.0 = Release|Any CPU
		{B4BAA20E-28C4-409E-B6E1-D2CDA08A3848}.AppStore|iPhone.ActiveCfg = Release|Any CPU
		{B4BAA20E-28C4-409E-B6E1-D2CDA08A3848}.AppStore|iPhone.Build.0 = Release|Any CPU
		{B4BAA20E-28C4-409E-B6E1-D2CDA08A3848}.AppStore|iPhoneSimulator.ActiveCfg = Release|Any CPU
		{B4BAA20E-28C4-409E-B6E1-D2CDA08A3848}.AppStore|iPhoneSimulator.Build.0 = Release|Any CPU
		{B4BAA20E-28C4-409E-B6E1-D2CDA08A3848}.AppStore|x64.ActiveCfg = Release|Any CPU
		{B4BAA20E-28C4-409E-B6E1-D2CDA08A3848}.AppStore|x64.Build.0 = Release|Any CPU
		{B4BAA20E-28C4-409E-B6E1-D2CDA08A3848}.AppStore|x86.ActiveCfg = Release|Any CPU
		{B4BAA20E-28C4-409E-B6E1-D2CDA08A3848}.AppStore|x86.Build.0 = Release|Any CPU
		{B4BAA20E-28C4-409E-B6E1-D2CDA08A3848}.Debug|Any CPU.ActiveCfg = Debug|Any CPU
		{B4BAA20E-28C4-409E-B6E1-D2CDA08A3848}.Debug|Any CPU.Build.0 = Debug|Any CPU
		{B4BAA20E-28C4-409E-B6E1-D2CDA08A3848}.Debug|ARM.ActiveCfg = Debug|Any CPU
		{B4BAA20E-28C4-409E-B6E1-D2CDA08A3848}.Debug|ARM.Build.0 = Debug|Any CPU
		{B4BAA20E-28C4-409E-B6E1-D2CDA08A3848}.Debug|iPhone.ActiveCfg = Debug|Any CPU
		{B4BAA20E-28C4-409E-B6E1-D2CDA08A3848}.Debug|iPhone.Build.0 = Debug|Any CPU
		{B4BAA20E-28C4-409E-B6E1-D2CDA08A3848}.Debug|iPhoneSimulator.ActiveCfg = Debug|Any CPU
		{B4BAA20E-28C4-409E-B6E1-D2CDA08A3848}.Debug|iPhoneSimulator.Build.0 = Debug|Any CPU
		{B4BAA20E-28C4-409E-B6E1-D2CDA08A3848}.Debug|x64.ActiveCfg = Debug|Any CPU
		{B4BAA20E-28C4-409E-B6E1-D2CDA08A3848}.Debug|x64.Build.0 = Debug|Any CPU
		{B4BAA20E-28C4-409E-B6E1-D2CDA08A3848}.Debug|x86.ActiveCfg = Debug|Any CPU
		{B4BAA20E-28C4-409E-B6E1-D2CDA08A3848}.Debug|x86.Build.0 = Debug|Any CPU
		{B4BAA20E-28C4-409E-B6E1-D2CDA08A3848}.DebugServer|Any CPU.ActiveCfg = Debug|Any CPU
		{B4BAA20E-28C4-409E-B6E1-D2CDA08A3848}.DebugServer|Any CPU.Build.0 = Debug|Any CPU
		{B4BAA20E-28C4-409E-B6E1-D2CDA08A3848}.DebugServer|ARM.ActiveCfg = Debug|Any CPU
		{B4BAA20E-28C4-409E-B6E1-D2CDA08A3848}.DebugServer|ARM.Build.0 = Debug|Any CPU
		{B4BAA20E-28C4-409E-B6E1-D2CDA08A3848}.DebugServer|iPhone.ActiveCfg = Debug|Any CPU
		{B4BAA20E-28C4-409E-B6E1-D2CDA08A3848}.DebugServer|iPhone.Build.0 = Debug|Any CPU
		{B4BAA20E-28C4-409E-B6E1-D2CDA08A3848}.DebugServer|iPhoneSimulator.ActiveCfg = Debug|Any CPU
		{B4BAA20E-28C4-409E-B6E1-D2CDA08A3848}.DebugServer|iPhoneSimulator.Build.0 = Debug|Any CPU
		{B4BAA20E-28C4-409E-B6E1-D2CDA08A3848}.DebugServer|x64.ActiveCfg = Debug|Any CPU
		{B4BAA20E-28C4-409E-B6E1-D2CDA08A3848}.DebugServer|x64.Build.0 = Debug|Any CPU
		{B4BAA20E-28C4-409E-B6E1-D2CDA08A3848}.DebugServer|x86.ActiveCfg = Debug|Any CPU
		{B4BAA20E-28C4-409E-B6E1-D2CDA08A3848}.DebugServer|x86.Build.0 = Debug|Any CPU
		{B4BAA20E-28C4-409E-B6E1-D2CDA08A3848}.Release|Any CPU.ActiveCfg = Release|Any CPU
		{B4BAA20E-28C4-409E-B6E1-D2CDA08A3848}.Release|Any CPU.Build.0 = Release|Any CPU
		{B4BAA20E-28C4-409E-B6E1-D2CDA08A3848}.Release|ARM.ActiveCfg = Release|Any CPU
		{B4BAA20E-28C4-409E-B6E1-D2CDA08A3848}.Release|ARM.Build.0 = Release|Any CPU
		{B4BAA20E-28C4-409E-B6E1-D2CDA08A3848}.Release|iPhone.ActiveCfg = Release|Any CPU
		{B4BAA20E-28C4-409E-B6E1-D2CDA08A3848}.Release|iPhone.Build.0 = Release|Any CPU
		{B4BAA20E-28C4-409E-B6E1-D2CDA08A3848}.Release|iPhoneSimulator.ActiveCfg = Release|Any CPU
		{B4BAA20E-28C4-409E-B6E1-D2CDA08A3848}.Release|iPhoneSimulator.Build.0 = Release|Any CPU
		{B4BAA20E-28C4-409E-B6E1-D2CDA08A3848}.Release|x64.ActiveCfg = Release|Any CPU
		{B4BAA20E-28C4-409E-B6E1-D2CDA08A3848}.Release|x64.Build.0 = Release|Any CPU
		{B4BAA20E-28C4-409E-B6E1-D2CDA08A3848}.Release|x86.ActiveCfg = Release|Any CPU
		{B4BAA20E-28C4-409E-B6E1-D2CDA08A3848}.Release|x86.Build.0 = Release|Any CPU
		{B4BAA20E-28C4-409E-B6E1-D2CDA08A3848}.Test|Any CPU.ActiveCfg = Debug|Any CPU
		{B4BAA20E-28C4-409E-B6E1-D2CDA08A3848}.Test|Any CPU.Build.0 = Debug|Any CPU
		{B4BAA20E-28C4-409E-B6E1-D2CDA08A3848}.Test|ARM.ActiveCfg = Debug|Any CPU
		{B4BAA20E-28C4-409E-B6E1-D2CDA08A3848}.Test|ARM.Build.0 = Debug|Any CPU
		{B4BAA20E-28C4-409E-B6E1-D2CDA08A3848}.Test|iPhone.ActiveCfg = Debug|Any CPU
		{B4BAA20E-28C4-409E-B6E1-D2CDA08A3848}.Test|iPhone.Build.0 = Debug|Any CPU
		{B4BAA20E-28C4-409E-B6E1-D2CDA08A3848}.Test|iPhoneSimulator.ActiveCfg = Debug|Any CPU
		{B4BAA20E-28C4-409E-B6E1-D2CDA08A3848}.Test|iPhoneSimulator.Build.0 = Debug|Any CPU
		{B4BAA20E-28C4-409E-B6E1-D2CDA08A3848}.Test|x64.ActiveCfg = Debug|Any CPU
		{B4BAA20E-28C4-409E-B6E1-D2CDA08A3848}.Test|x64.Build.0 = Debug|Any CPU
		{B4BAA20E-28C4-409E-B6E1-D2CDA08A3848}.Test|x86.ActiveCfg = Debug|Any CPU
		{B4BAA20E-28C4-409E-B6E1-D2CDA08A3848}.Test|x86.Build.0 = Debug|Any CPU
		{0D7840C5-A044-4972-95CC-AEE7EFB5C149}.Ad-Hoc|Any CPU.ActiveCfg = DebugServer|Any CPU
		{0D7840C5-A044-4972-95CC-AEE7EFB5C149}.Ad-Hoc|Any CPU.Build.0 = DebugServer|Any CPU
		{0D7840C5-A044-4972-95CC-AEE7EFB5C149}.Ad-Hoc|ARM.ActiveCfg = DebugServer|Any CPU
		{0D7840C5-A044-4972-95CC-AEE7EFB5C149}.Ad-Hoc|ARM.Build.0 = DebugServer|Any CPU
		{0D7840C5-A044-4972-95CC-AEE7EFB5C149}.Ad-Hoc|iPhone.ActiveCfg = DebugServer|Any CPU
		{0D7840C5-A044-4972-95CC-AEE7EFB5C149}.Ad-Hoc|iPhone.Build.0 = DebugServer|Any CPU
		{0D7840C5-A044-4972-95CC-AEE7EFB5C149}.Ad-Hoc|iPhoneSimulator.ActiveCfg = DebugServer|Any CPU
		{0D7840C5-A044-4972-95CC-AEE7EFB5C149}.Ad-Hoc|iPhoneSimulator.Build.0 = DebugServer|Any CPU
		{0D7840C5-A044-4972-95CC-AEE7EFB5C149}.Ad-Hoc|x64.ActiveCfg = DebugServer|Any CPU
		{0D7840C5-A044-4972-95CC-AEE7EFB5C149}.Ad-Hoc|x64.Build.0 = DebugServer|Any CPU
		{0D7840C5-A044-4972-95CC-AEE7EFB5C149}.Ad-Hoc|x86.ActiveCfg = DebugServer|Any CPU
		{0D7840C5-A044-4972-95CC-AEE7EFB5C149}.Ad-Hoc|x86.Build.0 = DebugServer|Any CPU
		{0D7840C5-A044-4972-95CC-AEE7EFB5C149}.AppStore|Any CPU.ActiveCfg = DebugServer|Any CPU
		{0D7840C5-A044-4972-95CC-AEE7EFB5C149}.AppStore|Any CPU.Build.0 = DebugServer|Any CPU
		{0D7840C5-A044-4972-95CC-AEE7EFB5C149}.AppStore|ARM.ActiveCfg = DebugServer|Any CPU
		{0D7840C5-A044-4972-95CC-AEE7EFB5C149}.AppStore|ARM.Build.0 = DebugServer|Any CPU
		{0D7840C5-A044-4972-95CC-AEE7EFB5C149}.AppStore|iPhone.ActiveCfg = DebugServer|Any CPU
		{0D7840C5-A044-4972-95CC-AEE7EFB5C149}.AppStore|iPhone.Build.0 = DebugServer|Any CPU
		{0D7840C5-A044-4972-95CC-AEE7EFB5C149}.AppStore|iPhoneSimulator.ActiveCfg = DebugServer|Any CPU
		{0D7840C5-A044-4972-95CC-AEE7EFB5C149}.AppStore|iPhoneSimulator.Build.0 = DebugServer|Any CPU
		{0D7840C5-A044-4972-95CC-AEE7EFB5C149}.AppStore|x64.ActiveCfg = DebugServer|Any CPU
		{0D7840C5-A044-4972-95CC-AEE7EFB5C149}.AppStore|x64.Build.0 = DebugServer|Any CPU
		{0D7840C5-A044-4972-95CC-AEE7EFB5C149}.AppStore|x86.ActiveCfg = DebugServer|Any CPU
		{0D7840C5-A044-4972-95CC-AEE7EFB5C149}.AppStore|x86.Build.0 = DebugServer|Any CPU
		{0D7840C5-A044-4972-95CC-AEE7EFB5C149}.Debug|Any CPU.ActiveCfg = Debug|Any CPU
		{0D7840C5-A044-4972-95CC-AEE7EFB5C149}.Debug|Any CPU.Build.0 = Debug|Any CPU
		{0D7840C5-A044-4972-95CC-AEE7EFB5C149}.Debug|ARM.ActiveCfg = Debug|Any CPU
		{0D7840C5-A044-4972-95CC-AEE7EFB5C149}.Debug|ARM.Build.0 = Debug|Any CPU
		{0D7840C5-A044-4972-95CC-AEE7EFB5C149}.Debug|iPhone.ActiveCfg = Debug|Any CPU
		{0D7840C5-A044-4972-95CC-AEE7EFB5C149}.Debug|iPhone.Build.0 = Debug|Any CPU
		{0D7840C5-A044-4972-95CC-AEE7EFB5C149}.Debug|iPhoneSimulator.ActiveCfg = Debug|Any CPU
		{0D7840C5-A044-4972-95CC-AEE7EFB5C149}.Debug|iPhoneSimulator.Build.0 = Debug|Any CPU
		{0D7840C5-A044-4972-95CC-AEE7EFB5C149}.Debug|x64.ActiveCfg = Debug|Any CPU
		{0D7840C5-A044-4972-95CC-AEE7EFB5C149}.Debug|x64.Build.0 = Debug|Any CPU
		{0D7840C5-A044-4972-95CC-AEE7EFB5C149}.Debug|x86.ActiveCfg = Debug|Any CPU
		{0D7840C5-A044-4972-95CC-AEE7EFB5C149}.Debug|x86.Build.0 = Debug|Any CPU
		{0D7840C5-A044-4972-95CC-AEE7EFB5C149}.DebugServer|Any CPU.ActiveCfg = DebugServer|Any CPU
		{0D7840C5-A044-4972-95CC-AEE7EFB5C149}.DebugServer|Any CPU.Build.0 = DebugServer|Any CPU
		{0D7840C5-A044-4972-95CC-AEE7EFB5C149}.DebugServer|ARM.ActiveCfg = DebugServer|Any CPU
		{0D7840C5-A044-4972-95CC-AEE7EFB5C149}.DebugServer|ARM.Build.0 = DebugServer|Any CPU
		{0D7840C5-A044-4972-95CC-AEE7EFB5C149}.DebugServer|iPhone.ActiveCfg = DebugServer|Any CPU
		{0D7840C5-A044-4972-95CC-AEE7EFB5C149}.DebugServer|iPhone.Build.0 = DebugServer|Any CPU
		{0D7840C5-A044-4972-95CC-AEE7EFB5C149}.DebugServer|iPhoneSimulator.ActiveCfg = DebugServer|Any CPU
		{0D7840C5-A044-4972-95CC-AEE7EFB5C149}.DebugServer|iPhoneSimulator.Build.0 = DebugServer|Any CPU
		{0D7840C5-A044-4972-95CC-AEE7EFB5C149}.DebugServer|x64.ActiveCfg = DebugServer|Any CPU
		{0D7840C5-A044-4972-95CC-AEE7EFB5C149}.DebugServer|x64.Build.0 = DebugServer|Any CPU
		{0D7840C5-A044-4972-95CC-AEE7EFB5C149}.DebugServer|x86.ActiveCfg = DebugServer|Any CPU
		{0D7840C5-A044-4972-95CC-AEE7EFB5C149}.DebugServer|x86.Build.0 = DebugServer|Any CPU
		{0D7840C5-A044-4972-95CC-AEE7EFB5C149}.Release|Any CPU.ActiveCfg = Release|Any CPU
		{0D7840C5-A044-4972-95CC-AEE7EFB5C149}.Release|Any CPU.Build.0 = Release|Any CPU
		{0D7840C5-A044-4972-95CC-AEE7EFB5C149}.Release|ARM.ActiveCfg = Release|Any CPU
		{0D7840C5-A044-4972-95CC-AEE7EFB5C149}.Release|ARM.Build.0 = Release|Any CPU
		{0D7840C5-A044-4972-95CC-AEE7EFB5C149}.Release|iPhone.ActiveCfg = Release|Any CPU
		{0D7840C5-A044-4972-95CC-AEE7EFB5C149}.Release|iPhone.Build.0 = Release|Any CPU
		{0D7840C5-A044-4972-95CC-AEE7EFB5C149}.Release|iPhoneSimulator.ActiveCfg = Release|Any CPU
		{0D7840C5-A044-4972-95CC-AEE7EFB5C149}.Release|iPhoneSimulator.Build.0 = Release|Any CPU
		{0D7840C5-A044-4972-95CC-AEE7EFB5C149}.Release|x64.ActiveCfg = Release|Any CPU
		{0D7840C5-A044-4972-95CC-AEE7EFB5C149}.Release|x64.Build.0 = Release|Any CPU
		{0D7840C5-A044-4972-95CC-AEE7EFB5C149}.Release|x86.ActiveCfg = Release|Any CPU
		{0D7840C5-A044-4972-95CC-AEE7EFB5C149}.Release|x86.Build.0 = Release|Any CPU
		{0D7840C5-A044-4972-95CC-AEE7EFB5C149}.Test|Any CPU.ActiveCfg = Release|Any CPU
		{0D7840C5-A044-4972-95CC-AEE7EFB5C149}.Test|Any CPU.Build.0 = Release|Any CPU
		{0D7840C5-A044-4972-95CC-AEE7EFB5C149}.Test|ARM.ActiveCfg = Release|Any CPU
		{0D7840C5-A044-4972-95CC-AEE7EFB5C149}.Test|ARM.Build.0 = Release|Any CPU
		{0D7840C5-A044-4972-95CC-AEE7EFB5C149}.Test|iPhone.ActiveCfg = Release|Any CPU
		{0D7840C5-A044-4972-95CC-AEE7EFB5C149}.Test|iPhone.Build.0 = Release|Any CPU
		{0D7840C5-A044-4972-95CC-AEE7EFB5C149}.Test|iPhoneSimulator.ActiveCfg = Release|Any CPU
		{0D7840C5-A044-4972-95CC-AEE7EFB5C149}.Test|iPhoneSimulator.Build.0 = Release|Any CPU
		{0D7840C5-A044-4972-95CC-AEE7EFB5C149}.Test|x64.ActiveCfg = Release|Any CPU
		{0D7840C5-A044-4972-95CC-AEE7EFB5C149}.Test|x64.Build.0 = Release|Any CPU
		{0D7840C5-A044-4972-95CC-AEE7EFB5C149}.Test|x86.ActiveCfg = Release|Any CPU
		{0D7840C5-A044-4972-95CC-AEE7EFB5C149}.Test|x86.Build.0 = Release|Any CPU
		{DC95CB59-4284-4619-979B-9F81C37765B6}.Ad-Hoc|Any CPU.ActiveCfg = Release|Any CPU
		{DC95CB59-4284-4619-979B-9F81C37765B6}.Ad-Hoc|Any CPU.Build.0 = Release|Any CPU
		{DC95CB59-4284-4619-979B-9F81C37765B6}.Ad-Hoc|ARM.ActiveCfg = Release|Any CPU
		{DC95CB59-4284-4619-979B-9F81C37765B6}.Ad-Hoc|ARM.Build.0 = Release|Any CPU
		{DC95CB59-4284-4619-979B-9F81C37765B6}.Ad-Hoc|iPhone.ActiveCfg = Release|Any CPU
		{DC95CB59-4284-4619-979B-9F81C37765B6}.Ad-Hoc|iPhone.Build.0 = Release|Any CPU
		{DC95CB59-4284-4619-979B-9F81C37765B6}.Ad-Hoc|iPhoneSimulator.ActiveCfg = Release|Any CPU
		{DC95CB59-4284-4619-979B-9F81C37765B6}.Ad-Hoc|iPhoneSimulator.Build.0 = Release|Any CPU
		{DC95CB59-4284-4619-979B-9F81C37765B6}.Ad-Hoc|x64.ActiveCfg = Release|Any CPU
		{DC95CB59-4284-4619-979B-9F81C37765B6}.Ad-Hoc|x64.Build.0 = Release|Any CPU
		{DC95CB59-4284-4619-979B-9F81C37765B6}.Ad-Hoc|x86.ActiveCfg = Release|Any CPU
		{DC95CB59-4284-4619-979B-9F81C37765B6}.Ad-Hoc|x86.Build.0 = Release|Any CPU
		{DC95CB59-4284-4619-979B-9F81C37765B6}.AppStore|Any CPU.ActiveCfg = Release|Any CPU
		{DC95CB59-4284-4619-979B-9F81C37765B6}.AppStore|Any CPU.Build.0 = Release|Any CPU
		{DC95CB59-4284-4619-979B-9F81C37765B6}.AppStore|ARM.ActiveCfg = Release|Any CPU
		{DC95CB59-4284-4619-979B-9F81C37765B6}.AppStore|ARM.Build.0 = Release|Any CPU
		{DC95CB59-4284-4619-979B-9F81C37765B6}.AppStore|iPhone.ActiveCfg = Release|Any CPU
		{DC95CB59-4284-4619-979B-9F81C37765B6}.AppStore|iPhone.Build.0 = Release|Any CPU
		{DC95CB59-4284-4619-979B-9F81C37765B6}.AppStore|iPhoneSimulator.ActiveCfg = Release|Any CPU
		{DC95CB59-4284-4619-979B-9F81C37765B6}.AppStore|iPhoneSimulator.Build.0 = Release|Any CPU
		{DC95CB59-4284-4619-979B-9F81C37765B6}.AppStore|x64.ActiveCfg = Release|Any CPU
		{DC95CB59-4284-4619-979B-9F81C37765B6}.AppStore|x64.Build.0 = Release|Any CPU
		{DC95CB59-4284-4619-979B-9F81C37765B6}.AppStore|x86.ActiveCfg = Release|Any CPU
		{DC95CB59-4284-4619-979B-9F81C37765B6}.AppStore|x86.Build.0 = Release|Any CPU
		{DC95CB59-4284-4619-979B-9F81C37765B6}.Debug|Any CPU.ActiveCfg = Debug|Any CPU
		{DC95CB59-4284-4619-979B-9F81C37765B6}.Debug|Any CPU.Build.0 = Debug|Any CPU
		{DC95CB59-4284-4619-979B-9F81C37765B6}.Debug|ARM.ActiveCfg = Debug|Any CPU
		{DC95CB59-4284-4619-979B-9F81C37765B6}.Debug|ARM.Build.0 = Debug|Any CPU
		{DC95CB59-4284-4619-979B-9F81C37765B6}.Debug|iPhone.ActiveCfg = Debug|Any CPU
		{DC95CB59-4284-4619-979B-9F81C37765B6}.Debug|iPhone.Build.0 = Debug|Any CPU
		{DC95CB59-4284-4619-979B-9F81C37765B6}.Debug|iPhoneSimulator.ActiveCfg = Debug|Any CPU
		{DC95CB59-4284-4619-979B-9F81C37765B6}.Debug|iPhoneSimulator.Build.0 = Debug|Any CPU
		{DC95CB59-4284-4619-979B-9F81C37765B6}.Debug|x64.ActiveCfg = Debug|Any CPU
		{DC95CB59-4284-4619-979B-9F81C37765B6}.Debug|x64.Build.0 = Debug|Any CPU
		{DC95CB59-4284-4619-979B-9F81C37765B6}.Debug|x86.ActiveCfg = Debug|Any CPU
		{DC95CB59-4284-4619-979B-9F81C37765B6}.Debug|x86.Build.0 = Debug|Any CPU
		{DC95CB59-4284-4619-979B-9F81C37765B6}.DebugServer|Any CPU.ActiveCfg = Debug|Any CPU
		{DC95CB59-4284-4619-979B-9F81C37765B6}.DebugServer|Any CPU.Build.0 = Debug|Any CPU
		{DC95CB59-4284-4619-979B-9F81C37765B6}.DebugServer|ARM.ActiveCfg = Debug|Any CPU
		{DC95CB59-4284-4619-979B-9F81C37765B6}.DebugServer|ARM.Build.0 = Debug|Any CPU
		{DC95CB59-4284-4619-979B-9F81C37765B6}.DebugServer|iPhone.ActiveCfg = Debug|Any CPU
		{DC95CB59-4284-4619-979B-9F81C37765B6}.DebugServer|iPhone.Build.0 = Debug|Any CPU
		{DC95CB59-4284-4619-979B-9F81C37765B6}.DebugServer|iPhoneSimulator.ActiveCfg = Debug|Any CPU
		{DC95CB59-4284-4619-979B-9F81C37765B6}.DebugServer|iPhoneSimulator.Build.0 = Debug|Any CPU
		{DC95CB59-4284-4619-979B-9F81C37765B6}.DebugServer|x64.ActiveCfg = Debug|Any CPU
		{DC95CB59-4284-4619-979B-9F81C37765B6}.DebugServer|x64.Build.0 = Debug|Any CPU
		{DC95CB59-4284-4619-979B-9F81C37765B6}.DebugServer|x86.ActiveCfg = Debug|Any CPU
		{DC95CB59-4284-4619-979B-9F81C37765B6}.DebugServer|x86.Build.0 = Debug|Any CPU
		{DC95CB59-4284-4619-979B-9F81C37765B6}.Release|Any CPU.ActiveCfg = Release|Any CPU
		{DC95CB59-4284-4619-979B-9F81C37765B6}.Release|Any CPU.Build.0 = Release|Any CPU
		{DC95CB59-4284-4619-979B-9F81C37765B6}.Release|ARM.ActiveCfg = Release|Any CPU
		{DC95CB59-4284-4619-979B-9F81C37765B6}.Release|ARM.Build.0 = Release|Any CPU
		{DC95CB59-4284-4619-979B-9F81C37765B6}.Release|iPhone.ActiveCfg = Release|Any CPU
		{DC95CB59-4284-4619-979B-9F81C37765B6}.Release|iPhone.Build.0 = Release|Any CPU
		{DC95CB59-4284-4619-979B-9F81C37765B6}.Release|iPhoneSimulator.ActiveCfg = Release|Any CPU
		{DC95CB59-4284-4619-979B-9F81C37765B6}.Release|iPhoneSimulator.Build.0 = Release|Any CPU
		{DC95CB59-4284-4619-979B-9F81C37765B6}.Release|x64.ActiveCfg = Release|Any CPU
		{DC95CB59-4284-4619-979B-9F81C37765B6}.Release|x64.Build.0 = Release|Any CPU
		{DC95CB59-4284-4619-979B-9F81C37765B6}.Release|x86.ActiveCfg = Release|Any CPU
		{DC95CB59-4284-4619-979B-9F81C37765B6}.Release|x86.Build.0 = Release|Any CPU
		{DC95CB59-4284-4619-979B-9F81C37765B6}.Test|Any CPU.ActiveCfg = Debug|Any CPU
		{DC95CB59-4284-4619-979B-9F81C37765B6}.Test|Any CPU.Build.0 = Debug|Any CPU
		{DC95CB59-4284-4619-979B-9F81C37765B6}.Test|ARM.ActiveCfg = Debug|Any CPU
		{DC95CB59-4284-4619-979B-9F81C37765B6}.Test|ARM.Build.0 = Debug|Any CPU
		{DC95CB59-4284-4619-979B-9F81C37765B6}.Test|iPhone.ActiveCfg = Debug|Any CPU
		{DC95CB59-4284-4619-979B-9F81C37765B6}.Test|iPhone.Build.0 = Debug|Any CPU
		{DC95CB59-4284-4619-979B-9F81C37765B6}.Test|iPhoneSimulator.ActiveCfg = Debug|Any CPU
		{DC95CB59-4284-4619-979B-9F81C37765B6}.Test|iPhoneSimulator.Build.0 = Debug|Any CPU
		{DC95CB59-4284-4619-979B-9F81C37765B6}.Test|x64.ActiveCfg = Debug|Any CPU
		{DC95CB59-4284-4619-979B-9F81C37765B6}.Test|x64.Build.0 = Debug|Any CPU
		{DC95CB59-4284-4619-979B-9F81C37765B6}.Test|x86.ActiveCfg = Debug|Any CPU
		{DC95CB59-4284-4619-979B-9F81C37765B6}.Test|x86.Build.0 = Debug|Any CPU
		{67F9D3A8-F71E-4428-913F-C37AE82CDB24}.Ad-Hoc|Any CPU.ActiveCfg = Test|Any CPU
		{67F9D3A8-F71E-4428-913F-C37AE82CDB24}.Ad-Hoc|Any CPU.Build.0 = Test|Any CPU
		{67F9D3A8-F71E-4428-913F-C37AE82CDB24}.Ad-Hoc|ARM.ActiveCfg = Test|Any CPU
		{67F9D3A8-F71E-4428-913F-C37AE82CDB24}.Ad-Hoc|ARM.Build.0 = Test|Any CPU
		{67F9D3A8-F71E-4428-913F-C37AE82CDB24}.Ad-Hoc|iPhone.ActiveCfg = Test|Any CPU
		{67F9D3A8-F71E-4428-913F-C37AE82CDB24}.Ad-Hoc|iPhone.Build.0 = Test|Any CPU
		{67F9D3A8-F71E-4428-913F-C37AE82CDB24}.Ad-Hoc|iPhoneSimulator.ActiveCfg = Test|Any CPU
		{67F9D3A8-F71E-4428-913F-C37AE82CDB24}.Ad-Hoc|iPhoneSimulator.Build.0 = Test|Any CPU
		{67F9D3A8-F71E-4428-913F-C37AE82CDB24}.Ad-Hoc|x64.ActiveCfg = Test|Any CPU
		{67F9D3A8-F71E-4428-913F-C37AE82CDB24}.Ad-Hoc|x64.Build.0 = Test|Any CPU
		{67F9D3A8-F71E-4428-913F-C37AE82CDB24}.Ad-Hoc|x86.ActiveCfg = Test|Any CPU
		{67F9D3A8-F71E-4428-913F-C37AE82CDB24}.Ad-Hoc|x86.Build.0 = Test|Any CPU
		{67F9D3A8-F71E-4428-913F-C37AE82CDB24}.AppStore|Any CPU.ActiveCfg = Test|Any CPU
		{67F9D3A8-F71E-4428-913F-C37AE82CDB24}.AppStore|Any CPU.Build.0 = Test|Any CPU
		{67F9D3A8-F71E-4428-913F-C37AE82CDB24}.AppStore|ARM.ActiveCfg = Test|Any CPU
		{67F9D3A8-F71E-4428-913F-C37AE82CDB24}.AppStore|ARM.Build.0 = Test|Any CPU
		{67F9D3A8-F71E-4428-913F-C37AE82CDB24}.AppStore|iPhone.ActiveCfg = Test|Any CPU
		{67F9D3A8-F71E-4428-913F-C37AE82CDB24}.AppStore|iPhone.Build.0 = Test|Any CPU
		{67F9D3A8-F71E-4428-913F-C37AE82CDB24}.AppStore|iPhoneSimulator.ActiveCfg = Test|Any CPU
		{67F9D3A8-F71E-4428-913F-C37AE82CDB24}.AppStore|iPhoneSimulator.Build.0 = Test|Any CPU
		{67F9D3A8-F71E-4428-913F-C37AE82CDB24}.AppStore|x64.ActiveCfg = Test|Any CPU
		{67F9D3A8-F71E-4428-913F-C37AE82CDB24}.AppStore|x64.Build.0 = Test|Any CPU
		{67F9D3A8-F71E-4428-913F-C37AE82CDB24}.AppStore|x86.ActiveCfg = Test|Any CPU
		{67F9D3A8-F71E-4428-913F-C37AE82CDB24}.AppStore|x86.Build.0 = Test|Any CPU
		{67F9D3A8-F71E-4428-913F-C37AE82CDB24}.Debug|Any CPU.ActiveCfg = Debug|Any CPU
		{67F9D3A8-F71E-4428-913F-C37AE82CDB24}.Debug|Any CPU.Build.0 = Debug|Any CPU
		{67F9D3A8-F71E-4428-913F-C37AE82CDB24}.Debug|ARM.ActiveCfg = Debug|Any CPU
		{67F9D3A8-F71E-4428-913F-C37AE82CDB24}.Debug|ARM.Build.0 = Debug|Any CPU
		{67F9D3A8-F71E-4428-913F-C37AE82CDB24}.Debug|iPhone.ActiveCfg = Debug|Any CPU
		{67F9D3A8-F71E-4428-913F-C37AE82CDB24}.Debug|iPhone.Build.0 = Debug|Any CPU
		{67F9D3A8-F71E-4428-913F-C37AE82CDB24}.Debug|iPhoneSimulator.ActiveCfg = Debug|Any CPU
		{67F9D3A8-F71E-4428-913F-C37AE82CDB24}.Debug|iPhoneSimulator.Build.0 = Debug|Any CPU
		{67F9D3A8-F71E-4428-913F-C37AE82CDB24}.Debug|x64.ActiveCfg = Debug|Any CPU
		{67F9D3A8-F71E-4428-913F-C37AE82CDB24}.Debug|x64.Build.0 = Debug|Any CPU
		{67F9D3A8-F71E-4428-913F-C37AE82CDB24}.Debug|x86.ActiveCfg = Debug|Any CPU
		{67F9D3A8-F71E-4428-913F-C37AE82CDB24}.Debug|x86.Build.0 = Debug|Any CPU
		{67F9D3A8-F71E-4428-913F-C37AE82CDB24}.DebugServer|Any CPU.ActiveCfg = Debug|Any CPU
		{67F9D3A8-F71E-4428-913F-C37AE82CDB24}.DebugServer|Any CPU.Build.0 = Debug|Any CPU
		{67F9D3A8-F71E-4428-913F-C37AE82CDB24}.DebugServer|ARM.ActiveCfg = Debug|Any CPU
		{67F9D3A8-F71E-4428-913F-C37AE82CDB24}.DebugServer|ARM.Build.0 = Debug|Any CPU
		{67F9D3A8-F71E-4428-913F-C37AE82CDB24}.DebugServer|iPhone.ActiveCfg = Debug|Any CPU
		{67F9D3A8-F71E-4428-913F-C37AE82CDB24}.DebugServer|iPhone.Build.0 = Debug|Any CPU
		{67F9D3A8-F71E-4428-913F-C37AE82CDB24}.DebugServer|iPhoneSimulator.ActiveCfg = Debug|Any CPU
		{67F9D3A8-F71E-4428-913F-C37AE82CDB24}.DebugServer|iPhoneSimulator.Build.0 = Debug|Any CPU
		{67F9D3A8-F71E-4428-913F-C37AE82CDB24}.DebugServer|x64.ActiveCfg = Debug|Any CPU
		{67F9D3A8-F71E-4428-913F-C37AE82CDB24}.DebugServer|x64.Build.0 = Debug|Any CPU
		{67F9D3A8-F71E-4428-913F-C37AE82CDB24}.DebugServer|x86.ActiveCfg = Debug|Any CPU
		{67F9D3A8-F71E-4428-913F-C37AE82CDB24}.DebugServer|x86.Build.0 = Debug|Any CPU
		{67F9D3A8-F71E-4428-913F-C37AE82CDB24}.Release|Any CPU.ActiveCfg = Release|Any CPU
		{67F9D3A8-F71E-4428-913F-C37AE82CDB24}.Release|Any CPU.Build.0 = Release|Any CPU
		{67F9D3A8-F71E-4428-913F-C37AE82CDB24}.Release|ARM.ActiveCfg = Release|Any CPU
		{67F9D3A8-F71E-4428-913F-C37AE82CDB24}.Release|ARM.Build.0 = Release|Any CPU
		{67F9D3A8-F71E-4428-913F-C37AE82CDB24}.Release|iPhone.ActiveCfg = Release|Any CPU
		{67F9D3A8-F71E-4428-913F-C37AE82CDB24}.Release|iPhone.Build.0 = Release|Any CPU
		{67F9D3A8-F71E-4428-913F-C37AE82CDB24}.Release|iPhoneSimulator.ActiveCfg = Release|Any CPU
		{67F9D3A8-F71E-4428-913F-C37AE82CDB24}.Release|iPhoneSimulator.Build.0 = Release|Any CPU
		{67F9D3A8-F71E-4428-913F-C37AE82CDB24}.Release|x64.ActiveCfg = Release|Any CPU
		{67F9D3A8-F71E-4428-913F-C37AE82CDB24}.Release|x64.Build.0 = Release|Any CPU
		{67F9D3A8-F71E-4428-913F-C37AE82CDB24}.Release|x86.ActiveCfg = Release|Any CPU
		{67F9D3A8-F71E-4428-913F-C37AE82CDB24}.Release|x86.Build.0 = Release|Any CPU
		{67F9D3A8-F71E-4428-913F-C37AE82CDB24}.Test|Any CPU.ActiveCfg = Test|Any CPU
		{67F9D3A8-F71E-4428-913F-C37AE82CDB24}.Test|Any CPU.Build.0 = Test|Any CPU
		{67F9D3A8-F71E-4428-913F-C37AE82CDB24}.Test|ARM.ActiveCfg = Test|Any CPU
		{67F9D3A8-F71E-4428-913F-C37AE82CDB24}.Test|ARM.Build.0 = Test|Any CPU
		{67F9D3A8-F71E-4428-913F-C37AE82CDB24}.Test|iPhone.ActiveCfg = Test|Any CPU
		{67F9D3A8-F71E-4428-913F-C37AE82CDB24}.Test|iPhone.Build.0 = Test|Any CPU
		{67F9D3A8-F71E-4428-913F-C37AE82CDB24}.Test|iPhoneSimulator.ActiveCfg = Test|Any CPU
		{67F9D3A8-F71E-4428-913F-C37AE82CDB24}.Test|iPhoneSimulator.Build.0 = Test|Any CPU
		{67F9D3A8-F71E-4428-913F-C37AE82CDB24}.Test|x64.ActiveCfg = Test|Any CPU
		{67F9D3A8-F71E-4428-913F-C37AE82CDB24}.Test|x64.Build.0 = Test|Any CPU
		{67F9D3A8-F71E-4428-913F-C37AE82CDB24}.Test|x86.ActiveCfg = Test|Any CPU
		{67F9D3A8-F71E-4428-913F-C37AE82CDB24}.Test|x86.Build.0 = Test|Any CPU
		{E6C50355-D01E-4CAA-884D-D7929861315C}.Ad-Hoc|Any CPU.ActiveCfg = Test|Any CPU
		{E6C50355-D01E-4CAA-884D-D7929861315C}.Ad-Hoc|Any CPU.Build.0 = Test|Any CPU
		{E6C50355-D01E-4CAA-884D-D7929861315C}.Ad-Hoc|ARM.ActiveCfg = Test|Any CPU
		{E6C50355-D01E-4CAA-884D-D7929861315C}.Ad-Hoc|ARM.Build.0 = Test|Any CPU
		{E6C50355-D01E-4CAA-884D-D7929861315C}.Ad-Hoc|iPhone.ActiveCfg = Test|Any CPU
		{E6C50355-D01E-4CAA-884D-D7929861315C}.Ad-Hoc|iPhone.Build.0 = Test|Any CPU
		{E6C50355-D01E-4CAA-884D-D7929861315C}.Ad-Hoc|iPhoneSimulator.ActiveCfg = Test|Any CPU
		{E6C50355-D01E-4CAA-884D-D7929861315C}.Ad-Hoc|iPhoneSimulator.Build.0 = Test|Any CPU
		{E6C50355-D01E-4CAA-884D-D7929861315C}.Ad-Hoc|x64.ActiveCfg = Test|Any CPU
		{E6C50355-D01E-4CAA-884D-D7929861315C}.Ad-Hoc|x64.Build.0 = Test|Any CPU
		{E6C50355-D01E-4CAA-884D-D7929861315C}.Ad-Hoc|x86.ActiveCfg = Test|Any CPU
		{E6C50355-D01E-4CAA-884D-D7929861315C}.Ad-Hoc|x86.Build.0 = Test|Any CPU
		{E6C50355-D01E-4CAA-884D-D7929861315C}.AppStore|Any CPU.ActiveCfg = Test|Any CPU
		{E6C50355-D01E-4CAA-884D-D7929861315C}.AppStore|Any CPU.Build.0 = Test|Any CPU
		{E6C50355-D01E-4CAA-884D-D7929861315C}.AppStore|ARM.ActiveCfg = Test|Any CPU
		{E6C50355-D01E-4CAA-884D-D7929861315C}.AppStore|ARM.Build.0 = Test|Any CPU
		{E6C50355-D01E-4CAA-884D-D7929861315C}.AppStore|iPhone.ActiveCfg = Test|Any CPU
		{E6C50355-D01E-4CAA-884D-D7929861315C}.AppStore|iPhone.Build.0 = Test|Any CPU
		{E6C50355-D01E-4CAA-884D-D7929861315C}.AppStore|iPhoneSimulator.ActiveCfg = Test|Any CPU
		{E6C50355-D01E-4CAA-884D-D7929861315C}.AppStore|iPhoneSimulator.Build.0 = Test|Any CPU
		{E6C50355-D01E-4CAA-884D-D7929861315C}.AppStore|x64.ActiveCfg = Test|Any CPU
		{E6C50355-D01E-4CAA-884D-D7929861315C}.AppStore|x64.Build.0 = Test|Any CPU
		{E6C50355-D01E-4CAA-884D-D7929861315C}.AppStore|x86.ActiveCfg = Test|Any CPU
		{E6C50355-D01E-4CAA-884D-D7929861315C}.AppStore|x86.Build.0 = Test|Any CPU
		{E6C50355-D01E-4CAA-884D-D7929861315C}.Debug|Any CPU.ActiveCfg = Debug|Any CPU
		{E6C50355-D01E-4CAA-884D-D7929861315C}.Debug|Any CPU.Build.0 = Debug|Any CPU
		{E6C50355-D01E-4CAA-884D-D7929861315C}.Debug|ARM.ActiveCfg = Debug|Any CPU
		{E6C50355-D01E-4CAA-884D-D7929861315C}.Debug|ARM.Build.0 = Debug|Any CPU
		{E6C50355-D01E-4CAA-884D-D7929861315C}.Debug|iPhone.ActiveCfg = Debug|Any CPU
		{E6C50355-D01E-4CAA-884D-D7929861315C}.Debug|iPhone.Build.0 = Debug|Any CPU
		{E6C50355-D01E-4CAA-884D-D7929861315C}.Debug|iPhoneSimulator.ActiveCfg = Debug|Any CPU
		{E6C50355-D01E-4CAA-884D-D7929861315C}.Debug|iPhoneSimulator.Build.0 = Debug|Any CPU
		{E6C50355-D01E-4CAA-884D-D7929861315C}.Debug|x64.ActiveCfg = Debug|Any CPU
		{E6C50355-D01E-4CAA-884D-D7929861315C}.Debug|x64.Build.0 = Debug|Any CPU
		{E6C50355-D01E-4CAA-884D-D7929861315C}.Debug|x86.ActiveCfg = Debug|Any CPU
		{E6C50355-D01E-4CAA-884D-D7929861315C}.Debug|x86.Build.0 = Debug|Any CPU
		{E6C50355-D01E-4CAA-884D-D7929861315C}.DebugServer|Any CPU.ActiveCfg = Debug|Any CPU
		{E6C50355-D01E-4CAA-884D-D7929861315C}.DebugServer|Any CPU.Build.0 = Debug|Any CPU
		{E6C50355-D01E-4CAA-884D-D7929861315C}.DebugServer|ARM.ActiveCfg = Debug|Any CPU
		{E6C50355-D01E-4CAA-884D-D7929861315C}.DebugServer|ARM.Build.0 = Debug|Any CPU
		{E6C50355-D01E-4CAA-884D-D7929861315C}.DebugServer|iPhone.ActiveCfg = Debug|Any CPU
		{E6C50355-D01E-4CAA-884D-D7929861315C}.DebugServer|iPhone.Build.0 = Debug|Any CPU
		{E6C50355-D01E-4CAA-884D-D7929861315C}.DebugServer|iPhoneSimulator.ActiveCfg = Debug|Any CPU
		{E6C50355-D01E-4CAA-884D-D7929861315C}.DebugServer|iPhoneSimulator.Build.0 = Debug|Any CPU
		{E6C50355-D01E-4CAA-884D-D7929861315C}.DebugServer|x64.ActiveCfg = Debug|Any CPU
		{E6C50355-D01E-4CAA-884D-D7929861315C}.DebugServer|x64.Build.0 = Debug|Any CPU
		{E6C50355-D01E-4CAA-884D-D7929861315C}.DebugServer|x86.ActiveCfg = Debug|Any CPU
		{E6C50355-D01E-4CAA-884D-D7929861315C}.DebugServer|x86.Build.0 = Debug|Any CPU
		{E6C50355-D01E-4CAA-884D-D7929861315C}.Release|Any CPU.ActiveCfg = Release|Any CPU
		{E6C50355-D01E-4CAA-884D-D7929861315C}.Release|Any CPU.Build.0 = Release|Any CPU
		{E6C50355-D01E-4CAA-884D-D7929861315C}.Release|ARM.ActiveCfg = Release|Any CPU
		{E6C50355-D01E-4CAA-884D-D7929861315C}.Release|ARM.Build.0 = Release|Any CPU
		{E6C50355-D01E-4CAA-884D-D7929861315C}.Release|iPhone.ActiveCfg = Release|Any CPU
		{E6C50355-D01E-4CAA-884D-D7929861315C}.Release|iPhone.Build.0 = Release|Any CPU
		{E6C50355-D01E-4CAA-884D-D7929861315C}.Release|iPhoneSimulator.ActiveCfg = Release|Any CPU
		{E6C50355-D01E-4CAA-884D-D7929861315C}.Release|iPhoneSimulator.Build.0 = Release|Any CPU
		{E6C50355-D01E-4CAA-884D-D7929861315C}.Release|x64.ActiveCfg = Release|Any CPU
		{E6C50355-D01E-4CAA-884D-D7929861315C}.Release|x64.Build.0 = Release|Any CPU
		{E6C50355-D01E-4CAA-884D-D7929861315C}.Release|x86.ActiveCfg = Release|Any CPU
		{E6C50355-D01E-4CAA-884D-D7929861315C}.Release|x86.Build.0 = Release|Any CPU
		{E6C50355-D01E-4CAA-884D-D7929861315C}.Test|Any CPU.ActiveCfg = Test|Any CPU
		{E6C50355-D01E-4CAA-884D-D7929861315C}.Test|Any CPU.Build.0 = Test|Any CPU
		{E6C50355-D01E-4CAA-884D-D7929861315C}.Test|ARM.ActiveCfg = Test|Any CPU
		{E6C50355-D01E-4CAA-884D-D7929861315C}.Test|ARM.Build.0 = Test|Any CPU
		{E6C50355-D01E-4CAA-884D-D7929861315C}.Test|iPhone.ActiveCfg = Test|Any CPU
		{E6C50355-D01E-4CAA-884D-D7929861315C}.Test|iPhone.Build.0 = Test|Any CPU
		{E6C50355-D01E-4CAA-884D-D7929861315C}.Test|iPhoneSimulator.ActiveCfg = Test|Any CPU
		{E6C50355-D01E-4CAA-884D-D7929861315C}.Test|iPhoneSimulator.Build.0 = Test|Any CPU
		{E6C50355-D01E-4CAA-884D-D7929861315C}.Test|x64.ActiveCfg = Test|Any CPU
		{E6C50355-D01E-4CAA-884D-D7929861315C}.Test|x64.Build.0 = Test|Any CPU
		{E6C50355-D01E-4CAA-884D-D7929861315C}.Test|x86.ActiveCfg = Test|Any CPU
		{E6C50355-D01E-4CAA-884D-D7929861315C}.Test|x86.Build.0 = Test|Any CPU
		{79EBB8F1-5D80-4EA1-9100-EBDC1EC51CB7}.Ad-Hoc|Any CPU.ActiveCfg = Test|Any CPU
		{79EBB8F1-5D80-4EA1-9100-EBDC1EC51CB7}.Ad-Hoc|Any CPU.Build.0 = Test|Any CPU
		{79EBB8F1-5D80-4EA1-9100-EBDC1EC51CB7}.Ad-Hoc|ARM.ActiveCfg = Test|Any CPU
		{79EBB8F1-5D80-4EA1-9100-EBDC1EC51CB7}.Ad-Hoc|ARM.Build.0 = Test|Any CPU
		{79EBB8F1-5D80-4EA1-9100-EBDC1EC51CB7}.Ad-Hoc|iPhone.ActiveCfg = Test|Any CPU
		{79EBB8F1-5D80-4EA1-9100-EBDC1EC51CB7}.Ad-Hoc|iPhone.Build.0 = Test|Any CPU
		{79EBB8F1-5D80-4EA1-9100-EBDC1EC51CB7}.Ad-Hoc|iPhoneSimulator.ActiveCfg = Test|Any CPU
		{79EBB8F1-5D80-4EA1-9100-EBDC1EC51CB7}.Ad-Hoc|iPhoneSimulator.Build.0 = Test|Any CPU
		{79EBB8F1-5D80-4EA1-9100-EBDC1EC51CB7}.Ad-Hoc|x64.ActiveCfg = Test|Any CPU
		{79EBB8F1-5D80-4EA1-9100-EBDC1EC51CB7}.Ad-Hoc|x64.Build.0 = Test|Any CPU
		{79EBB8F1-5D80-4EA1-9100-EBDC1EC51CB7}.Ad-Hoc|x86.ActiveCfg = Test|Any CPU
		{79EBB8F1-5D80-4EA1-9100-EBDC1EC51CB7}.Ad-Hoc|x86.Build.0 = Test|Any CPU
		{79EBB8F1-5D80-4EA1-9100-EBDC1EC51CB7}.AppStore|Any CPU.ActiveCfg = Test|Any CPU
		{79EBB8F1-5D80-4EA1-9100-EBDC1EC51CB7}.AppStore|Any CPU.Build.0 = Test|Any CPU
		{79EBB8F1-5D80-4EA1-9100-EBDC1EC51CB7}.AppStore|ARM.ActiveCfg = Test|Any CPU
		{79EBB8F1-5D80-4EA1-9100-EBDC1EC51CB7}.AppStore|ARM.Build.0 = Test|Any CPU
		{79EBB8F1-5D80-4EA1-9100-EBDC1EC51CB7}.AppStore|iPhone.ActiveCfg = Test|Any CPU
		{79EBB8F1-5D80-4EA1-9100-EBDC1EC51CB7}.AppStore|iPhone.Build.0 = Test|Any CPU
		{79EBB8F1-5D80-4EA1-9100-EBDC1EC51CB7}.AppStore|iPhoneSimulator.ActiveCfg = Test|Any CPU
		{79EBB8F1-5D80-4EA1-9100-EBDC1EC51CB7}.AppStore|iPhoneSimulator.Build.0 = Test|Any CPU
		{79EBB8F1-5D80-4EA1-9100-EBDC1EC51CB7}.AppStore|x64.ActiveCfg = Test|Any CPU
		{79EBB8F1-5D80-4EA1-9100-EBDC1EC51CB7}.AppStore|x64.Build.0 = Test|Any CPU
		{79EBB8F1-5D80-4EA1-9100-EBDC1EC51CB7}.AppStore|x86.ActiveCfg = Test|Any CPU
		{79EBB8F1-5D80-4EA1-9100-EBDC1EC51CB7}.AppStore|x86.Build.0 = Test|Any CPU
		{79EBB8F1-5D80-4EA1-9100-EBDC1EC51CB7}.Debug|Any CPU.ActiveCfg = Debug|Any CPU
		{79EBB8F1-5D80-4EA1-9100-EBDC1EC51CB7}.Debug|Any CPU.Build.0 = Debug|Any CPU
		{79EBB8F1-5D80-4EA1-9100-EBDC1EC51CB7}.Debug|ARM.ActiveCfg = Debug|Any CPU
		{79EBB8F1-5D80-4EA1-9100-EBDC1EC51CB7}.Debug|ARM.Build.0 = Debug|Any CPU
		{79EBB8F1-5D80-4EA1-9100-EBDC1EC51CB7}.Debug|iPhone.ActiveCfg = Debug|Any CPU
		{79EBB8F1-5D80-4EA1-9100-EBDC1EC51CB7}.Debug|iPhone.Build.0 = Debug|Any CPU
		{79EBB8F1-5D80-4EA1-9100-EBDC1EC51CB7}.Debug|iPhoneSimulator.ActiveCfg = Debug|Any CPU
		{79EBB8F1-5D80-4EA1-9100-EBDC1EC51CB7}.Debug|iPhoneSimulator.Build.0 = Debug|Any CPU
		{79EBB8F1-5D80-4EA1-9100-EBDC1EC51CB7}.Debug|x64.ActiveCfg = Debug|Any CPU
		{79EBB8F1-5D80-4EA1-9100-EBDC1EC51CB7}.Debug|x64.Build.0 = Debug|Any CPU
		{79EBB8F1-5D80-4EA1-9100-EBDC1EC51CB7}.Debug|x86.ActiveCfg = Debug|Any CPU
		{79EBB8F1-5D80-4EA1-9100-EBDC1EC51CB7}.Debug|x86.Build.0 = Debug|Any CPU
		{79EBB8F1-5D80-4EA1-9100-EBDC1EC51CB7}.DebugServer|Any CPU.ActiveCfg = Debug|Any CPU
		{79EBB8F1-5D80-4EA1-9100-EBDC1EC51CB7}.DebugServer|Any CPU.Build.0 = Debug|Any CPU
		{79EBB8F1-5D80-4EA1-9100-EBDC1EC51CB7}.DebugServer|ARM.ActiveCfg = Debug|Any CPU
		{79EBB8F1-5D80-4EA1-9100-EBDC1EC51CB7}.DebugServer|ARM.Build.0 = Debug|Any CPU
		{79EBB8F1-5D80-4EA1-9100-EBDC1EC51CB7}.DebugServer|iPhone.ActiveCfg = Debug|Any CPU
		{79EBB8F1-5D80-4EA1-9100-EBDC1EC51CB7}.DebugServer|iPhone.Build.0 = Debug|Any CPU
		{79EBB8F1-5D80-4EA1-9100-EBDC1EC51CB7}.DebugServer|iPhoneSimulator.ActiveCfg = Debug|Any CPU
		{79EBB8F1-5D80-4EA1-9100-EBDC1EC51CB7}.DebugServer|iPhoneSimulator.Build.0 = Debug|Any CPU
		{79EBB8F1-5D80-4EA1-9100-EBDC1EC51CB7}.DebugServer|x64.ActiveCfg = Debug|Any CPU
		{79EBB8F1-5D80-4EA1-9100-EBDC1EC51CB7}.DebugServer|x64.Build.0 = Debug|Any CPU
		{79EBB8F1-5D80-4EA1-9100-EBDC1EC51CB7}.DebugServer|x86.ActiveCfg = Debug|Any CPU
		{79EBB8F1-5D80-4EA1-9100-EBDC1EC51CB7}.DebugServer|x86.Build.0 = Debug|Any CPU
		{79EBB8F1-5D80-4EA1-9100-EBDC1EC51CB7}.Release|Any CPU.ActiveCfg = Release|Any CPU
		{79EBB8F1-5D80-4EA1-9100-EBDC1EC51CB7}.Release|Any CPU.Build.0 = Release|Any CPU
		{79EBB8F1-5D80-4EA1-9100-EBDC1EC51CB7}.Release|ARM.ActiveCfg = Release|Any CPU
		{79EBB8F1-5D80-4EA1-9100-EBDC1EC51CB7}.Release|ARM.Build.0 = Release|Any CPU
		{79EBB8F1-5D80-4EA1-9100-EBDC1EC51CB7}.Release|iPhone.ActiveCfg = Release|Any CPU
		{79EBB8F1-5D80-4EA1-9100-EBDC1EC51CB7}.Release|iPhone.Build.0 = Release|Any CPU
		{79EBB8F1-5D80-4EA1-9100-EBDC1EC51CB7}.Release|iPhoneSimulator.ActiveCfg = Release|Any CPU
		{79EBB8F1-5D80-4EA1-9100-EBDC1EC51CB7}.Release|iPhoneSimulator.Build.0 = Release|Any CPU
		{79EBB8F1-5D80-4EA1-9100-EBDC1EC51CB7}.Release|x64.ActiveCfg = Release|Any CPU
		{79EBB8F1-5D80-4EA1-9100-EBDC1EC51CB7}.Release|x64.Build.0 = Release|Any CPU
		{79EBB8F1-5D80-4EA1-9100-EBDC1EC51CB7}.Release|x86.ActiveCfg = Release|Any CPU
		{79EBB8F1-5D80-4EA1-9100-EBDC1EC51CB7}.Release|x86.Build.0 = Release|Any CPU
		{79EBB8F1-5D80-4EA1-9100-EBDC1EC51CB7}.Test|Any CPU.ActiveCfg = Test|Any CPU
		{79EBB8F1-5D80-4EA1-9100-EBDC1EC51CB7}.Test|Any CPU.Build.0 = Test|Any CPU
		{79EBB8F1-5D80-4EA1-9100-EBDC1EC51CB7}.Test|ARM.ActiveCfg = Test|Any CPU
		{79EBB8F1-5D80-4EA1-9100-EBDC1EC51CB7}.Test|ARM.Build.0 = Test|Any CPU
		{79EBB8F1-5D80-4EA1-9100-EBDC1EC51CB7}.Test|iPhone.ActiveCfg = Test|Any CPU
		{79EBB8F1-5D80-4EA1-9100-EBDC1EC51CB7}.Test|iPhone.Build.0 = Test|Any CPU
		{79EBB8F1-5D80-4EA1-9100-EBDC1EC51CB7}.Test|iPhoneSimulator.ActiveCfg = Test|Any CPU
		{79EBB8F1-5D80-4EA1-9100-EBDC1EC51CB7}.Test|iPhoneSimulator.Build.0 = Test|Any CPU
		{79EBB8F1-5D80-4EA1-9100-EBDC1EC51CB7}.Test|x64.ActiveCfg = Test|Any CPU
		{79EBB8F1-5D80-4EA1-9100-EBDC1EC51CB7}.Test|x64.Build.0 = Test|Any CPU
		{79EBB8F1-5D80-4EA1-9100-EBDC1EC51CB7}.Test|x86.ActiveCfg = Test|Any CPU
		{79EBB8F1-5D80-4EA1-9100-EBDC1EC51CB7}.Test|x86.Build.0 = Test|Any CPU
	EndGlobalSection
	GlobalSection(SolutionProperties) = preSolution
		HideSolutionNode = FALSE
	EndGlobalSection
	GlobalSection(NestedProjects) = preSolution
		{D2883206-37A0-4E9F-9AA3-C40DDF42DCA5} = {F711AA54-18F1-4FE9-BF08-F19E27D0E4E6}
		{AA53D094-F926-47B8-9C4B-64A134BB43AB} = {F711AA54-18F1-4FE9-BF08-F19E27D0E4E6}
		{40EDF74C-6E62-4BA3-8383-F13C98FCCC48} = {F711AA54-18F1-4FE9-BF08-F19E27D0E4E6}
		{87C3C03C-10CD-4C5D-9740-0423C0CD4A5B} = {F711AA54-18F1-4FE9-BF08-F19E27D0E4E6}
		{3C7B4836-912E-4B0E-A087-1E25B6674160} = {0A7341CF-A0D1-4AA6-90A1-CE69E964C2CA}
		{5139DE10-EA8A-408B-98C5-8AF7CC79A3C5} = {0A7341CF-A0D1-4AA6-90A1-CE69E964C2CA}
		{B00B27BD-72D6-48A0-B2F2-924AF0129D2E} = {A002BEAC-D455-49BE-B827-819D8ADEF6D2}
		{B4BAA20E-28C4-409E-B6E1-D2CDA08A3848} = {235B5E6B-843C-4FBC-8590-2656EB5A2F5A}
		{0D7840C5-A044-4972-95CC-AEE7EFB5C149} = {235B5E6B-843C-4FBC-8590-2656EB5A2F5A}
		{DC95CB59-4284-4619-979B-9F81C37765B6} = {A002BEAC-D455-49BE-B827-819D8ADEF6D2}
		{67F9D3A8-F71E-4428-913F-C37AE82CDB24} = {5FA33CAB-12A3-4B16-8295-027CA649C8C6}
		{E6C50355-D01E-4CAA-884D-D7929861315C} = {5FA33CAB-12A3-4B16-8295-027CA649C8C6}
		{79EBB8F1-5D80-4EA1-9100-EBDC1EC51CB7} = {5FA33CAB-12A3-4B16-8295-027CA649C8C6}
	EndGlobalSection
EndGlobal
